{
  "lockfileVersion": 1,
  "workspaces": {
    "": {
      "name": "litecanvas",
      "devDependencies": {
        "@litecanvas/jsdom-extras": "^1.1.0",
        "@swc/core": "^1.12.5",
        "@types/jsdom": "^21.1.7",
        "ava": "^6.4.0",
        "esbuild": "^0.25.5",
        "gzip-size": "^7.0.0",
        "jsdom": "^26.1.0",
        "prettier": "^3.6.0",
        "tap-min": "^3.0.0",
      },
    },
  },
  "trustedDependencies": [
    "@swc/core",
  ],
  "packages": {
    "@asamuzakjp/css-color": ["@asamuzakjp/css-color@3.2.0", "", { "dependencies": { "@csstools/css-calc": "^2.1.3", "@csstools/css-color-parser": "^3.0.9", "@csstools/css-parser-algorithms": "^3.0.4", "@csstools/css-tokenizer": "^3.0.3", "lru-cache": "^10.4.3" } }, "sha512-K1A6z8tS3XsmCMM86xoWdn7Fkdn9m6RSVtocUrJYIwZnFVkng/PvkEoWtOWmP+Scc6saYWHWZYbndEEXxl24jw=="],

    "@csstools/color-helpers": ["@csstools/color-helpers@5.0.2", "", {}, "sha512-JqWH1vsgdGcw2RR6VliXXdA0/59LttzlU8UlRT/iUUsEeWfYq8I+K0yhihEUTTHLRm1EXvpsCx3083EU15ecsA=="],

    "@csstools/css-calc": ["@csstools/css-calc@2.1.4", "", { "peerDependencies": { "@csstools/css-parser-algorithms": "^3.0.5", "@csstools/css-tokenizer": "^3.0.4" } }, "sha512-3N8oaj+0juUw/1H3YwmDDJXCgTB1gKU6Hc/bB502u9zR0q2vd786XJH9QfrKIEgFlZmhZiq6epXl4rHqhzsIgQ=="],

    "@csstools/css-color-parser": ["@csstools/css-color-parser@3.0.10", "", { "dependencies": { "@csstools/color-helpers": "^5.0.2", "@csstools/css-calc": "^2.1.4" }, "peerDependencies": { "@csstools/css-parser-algorithms": "^3.0.5", "@csstools/css-tokenizer": "^3.0.4" } }, "sha512-TiJ5Ajr6WRd1r8HSiwJvZBiJOqtH86aHpUjq5aEKWHiII2Qfjqd/HCWKPOW8EP4vcspXbHnXrwIDlu5savQipg=="],

    "@csstools/css-parser-algorithms": ["@csstools/css-parser-algorithms@3.0.5", "", { "peerDependencies": { "@csstools/css-tokenizer": "^3.0.4" } }, "sha512-DaDeUkXZKjdGhgYaHNJTV9pV7Y9B3b644jCLs9Upc3VeNGg6LWARAT6O+Q+/COo+2gg/bM5rhpMAtf70WqfBdQ=="],

    "@csstools/css-tokenizer": ["@csstools/css-tokenizer@3.0.4", "", {}, "sha512-Vd/9EVDiu6PPJt9yAh6roZP6El1xHrdvIVGjyBsHR0RYwNHgL7FJPyIIW4fANJNG6FtyZfvlRPpFI4ZM/lubvw=="],

    "@esbuild/linux-x64": ["@esbuild/linux-x64@0.25.5", "", { "os": "linux", "cpu": "x64" }, ""],

    "@isaacs/cliui": ["@isaacs/cliui@8.0.2", "", { "dependencies": { "string-width": "^5.1.2", "string-width-cjs": "npm:string-width@^4.2.0", "strip-ansi": "^7.0.1", "strip-ansi-cjs": "npm:strip-ansi@^6.0.1", "wrap-ansi": "^8.1.0", "wrap-ansi-cjs": "npm:wrap-ansi@^7.0.0" } }, ""],

    "@isaacs/fs-minipass": ["@isaacs/fs-minipass@4.0.1", "", { "dependencies": { "minipass": "^7.0.4" } }, ""],

    "@litecanvas/jsdom-extras": ["@litecanvas/jsdom-extras@1.1.0", "", { "dependencies": { "jsdom": "^26.1.0" }, "peerDependencies": { "litecanvas": "latest" } }, "sha512-rY0l2Z/QetxNObGuRBPqbK3HQbgozQgpt3yfGcOEiMCrqd0IBW2m1FtxGFvWwZdlbXENgSbQRHWuTbirNWebiA=="],

    "@mapbox/node-pre-gyp": ["@mapbox/node-pre-gyp@2.0.0", "", { "dependencies": { "consola": "^3.2.3", "detect-libc": "^2.0.0", "https-proxy-agent": "^7.0.5", "node-fetch": "^2.6.7", "nopt": "^8.0.0", "semver": "^7.5.3", "tar": "^7.4.0" }, "bin": { "node-pre-gyp": "bin/node-pre-gyp" } }, ""],

    "@nodelib/fs.scandir": ["@nodelib/fs.scandir@2.1.5", "", { "dependencies": { "@nodelib/fs.stat": "2.0.5", "run-parallel": "^1.1.9" } }, ""],

    "@nodelib/fs.stat": ["@nodelib/fs.stat@2.0.5", "", {}, ""],

    "@nodelib/fs.walk": ["@nodelib/fs.walk@1.2.8", "", { "dependencies": { "@nodelib/fs.scandir": "2.1.5", "fastq": "^1.6.0" } }, ""],

    "@pkgjs/parseargs": ["@pkgjs/parseargs@0.11.0", "", {}, ""],

    "@rollup/pluginutils": ["@rollup/pluginutils@5.1.4", "", { "dependencies": { "@types/estree": "^1.0.0", "estree-walker": "^2.0.2", "picomatch": "^4.0.2" }, "peerDependencies": { "rollup": "^1.20.0||^2.0.0||^3.0.0||^4.0.0" }, "optionalPeers": ["rollup"] }, ""],

    "@sindresorhus/merge-streams": ["@sindresorhus/merge-streams@2.3.0", "", {}, ""],

    "@swc/core": ["@swc/core@1.12.6", "", { "dependencies": { "@swc/counter": "^0.1.3", "@swc/types": "^0.1.23" }, "optionalDependencies": { "@swc/core-darwin-arm64": "1.12.6", "@swc/core-darwin-x64": "1.12.6", "@swc/core-linux-arm-gnueabihf": "1.12.6", "@swc/core-linux-arm64-gnu": "1.12.6", "@swc/core-linux-arm64-musl": "1.12.6", "@swc/core-linux-x64-gnu": "1.12.6", "@swc/core-linux-x64-musl": "1.12.6", "@swc/core-win32-arm64-msvc": "1.12.6", "@swc/core-win32-ia32-msvc": "1.12.6", "@swc/core-win32-x64-msvc": "1.12.6" }, "peerDependencies": { "@swc/helpers": ">=0.5.17" }, "optionalPeers": ["@swc/helpers"] }, "sha512-TEpta6Gi02X1b2yDIzBOIr7dFprvq9jD8RbEVI2OcMrwklbCUx0Dz9TrAnklSOwRvYvH5JjCx8ht9E94oWiG7A=="],

    "@swc/core-darwin-arm64": ["@swc/core-darwin-arm64@1.12.6", "", { "os": "darwin", "cpu": "arm64" }, "sha512-yLiw+XzG+MilfFh0ON7qt67bfIr7UxB9JprhYReVOmLTBDmDVQSC3T4/vIuc+GwlX08ydnHy0ud4lIjTNW4uWg=="],

    "@swc/core-darwin-x64": ["@swc/core-darwin-x64@1.12.6", "", { "os": "darwin", "cpu": "x64" }, "sha512-qwg8ux5x5Gd1LmSUtL4s9mbyfzAjr5M6OtjO281dKHwc/GYiSc4j1urb2jNSo9FcMkfT78oAOW2L6HQiWv+j1A=="],

    "@swc/core-linux-arm-gnueabihf": ["@swc/core-linux-arm-gnueabihf@1.12.6", "", { "os": "linux", "cpu": "arm" }, "sha512-pnkqH59JXBZu+MedaykMAC2or7tlUKeya7GKjzub+hkwxBP0ywWoFd+QYEdzp7QSziOt1VIHc4Wb9iZ2EfnzmA=="],

    "@swc/core-linux-arm64-gnu": ["@swc/core-linux-arm64-gnu@1.12.6", "", { "os": "linux", "cpu": "arm64" }, "sha512-h8+Ltx0NSEzIFHetkOYoQ+UQ59unYLuJ4wF6kCpxzS4HskRLjcngr1HgN0F/PRpptnrmJUPVQmfms/vjN8ndAQ=="],

    "@swc/core-linux-arm64-musl": ["@swc/core-linux-arm64-musl@1.12.6", "", { "os": "linux", "cpu": "arm64" }, "sha512-GZu3MnB/5qtBxKEH46hgVDaplEe4mp3ZmQ1O2UpFCv/u/Ji3Gar5w5g2wHCZoT5AOouAhP1bh7IAEqjG/fbVfg=="],

    "@swc/core-linux-x64-gnu": ["@swc/core-linux-x64-gnu@1.12.6", "", { "os": "linux", "cpu": "x64" }, "sha512-WwJLQFzMW9ufVjM6k3le4HUgBFNunyt2oghjcgn2YjnKj0Ka2LrrBHCxfS7lgFSCQh/shib2wIlKXUnlTEWQJw=="],

    "@swc/core-linux-x64-musl": ["@swc/core-linux-x64-musl@1.12.6", "", { "os": "linux", "cpu": "x64" }, "sha512-rVGPNpI/sm8VVAhnB09Z/23OJP3ymouv6F4z4aYDbq/2JIwxqgpnl8gtMYP+Jw3XqabaFNjQmPiL15TvKCQaxQ=="],

    "@swc/core-win32-arm64-msvc": ["@swc/core-win32-arm64-msvc@1.12.6", "", { "os": "win32", "cpu": "arm64" }, "sha512-EKDJ1+8vaIlJGMl2yvd2HklV4GNbpKKwNQcUQid6j91tFYz4/aByw+9vh/sDVG7ZNqdmdywSnLRo317UTt0zFg=="],

    "@swc/core-win32-ia32-msvc": ["@swc/core-win32-ia32-msvc@1.12.6", "", { "os": "win32", "cpu": "ia32" }, "sha512-jnULikZkR2fpZgFUQs7NsNIztavM1JdX+8Y+8FsfChBvMvziKxXtvUPGjeVJ8nzU1wgMnaeilJX9vrwuDGkA0Q=="],

    "@swc/core-win32-x64-msvc": ["@swc/core-win32-x64-msvc@1.12.6", "", { "os": "win32", "cpu": "x64" }, "sha512-jL2Dcdcc/QZiQnwByP1uIE4k/mTlapzUng7owtLD2tSBBi1d+jPIdXIefdv+nccYJKRA+lKG3rRB6Tk9GrC7Kg=="],

    "@swc/counter": ["@swc/counter@0.1.3", "", {}, "sha512-e2BR4lsJkkRlKZ/qCHPw9ZaSxc0MVUd7gtbtaB7aMvHeJVYe8sOB8DBZkP2DtISHGSku9sCK6T6cnY0CtXrOCQ=="],

    "@swc/types": ["@swc/types@0.1.23", "", { "dependencies": { "@swc/counter": "^0.1.3" } }, "sha512-u1iIVZV9Q0jxY+yM2vw/hZGDNudsN85bBpTqzAQ9rzkxW9D+e3aEM4Han+ow518gSewkXgjmEK0BD79ZcNVgPw=="],

    "@types/estree": ["@types/estree@1.0.6", "", {}, ""],

    "@types/jsdom": ["@types/jsdom@21.1.7", "", { "dependencies": { "@types/node": "*", "@types/tough-cookie": "*", "parse5": "^7.0.0" } }, "sha512-yOriVnggzrnQ3a9OKOCxaVuSug3w3/SbOj5i7VwXWZEyUNl3bLF9V3MfxGbZKuwqJOQyRfqXyROBB1CoZLFWzA=="],

    "@types/node": ["@types/node@24.0.3", "", { "dependencies": { "undici-types": "~7.8.0" } }, "sha512-R4I/kzCYAdRLzfiCabn9hxWfbuHS573x+r0dJMkkzThEa7pbrcDWK+9zu3e7aBOouf+rQAciqPFMnxwr0aWgKg=="],

    "@types/tough-cookie": ["@types/tough-cookie@4.0.5", "", {}, "sha512-/Ad8+nIOV7Rl++6f1BdKxFSMgmoqEoYbHRpPcx3JEfv8VRsQe9Z4mCXeJBzxs7mbHY/XOZZuXlRNfhpVPbs6ZA=="],

    "@vercel/nft": ["@vercel/nft@0.29.4", "", { "dependencies": { "@mapbox/node-pre-gyp": "^2.0.0", "@rollup/pluginutils": "^5.1.3", "acorn": "^8.6.0", "acorn-import-attributes": "^1.9.5", "async-sema": "^3.1.1", "bindings": "^1.4.0", "estree-walker": "2.0.2", "glob": "^10.4.5", "graceful-fs": "^4.2.9", "node-gyp-build": "^4.2.2", "picomatch": "^4.0.2", "resolve-from": "^5.0.0" }, "bin": { "nft": "out/cli.js" } }, ""],

    "abbrev": ["abbrev@3.0.0", "", {}, ""],

    "acorn": ["acorn@8.14.1", "", { "bin": "bin/acorn" }, ""],

    "acorn-import-attributes": ["acorn-import-attributes@1.9.5", "", { "peerDependencies": { "acorn": "^8" } }, ""],

    "acorn-walk": ["acorn-walk@8.3.4", "", { "dependencies": { "acorn": "^8.11.0" } }, ""],

    "agent-base": ["agent-base@7.1.3", "", {}, ""],

    "ansi-regex": ["ansi-regex@6.1.0", "", {}, ""],

    "ansi-styles": ["ansi-styles@6.2.1", "", {}, ""],

    "argparse": ["argparse@1.0.10", "", { "dependencies": { "sprintf-js": "~1.0.2" } }, ""],

    "array-find-index": ["array-find-index@1.0.2", "", {}, ""],

    "arrgv": ["arrgv@1.0.2", "", {}, ""],

    "arrify": ["arrify@3.0.0", "", {}, ""],

    "async-sema": ["async-sema@3.1.1", "", {}, ""],

    "ava": ["ava@6.4.0", "", { "dependencies": { "@vercel/nft": "^0.29.4", "acorn": "^8.14.1", "acorn-walk": "^8.3.4", "ansi-styles": "^6.2.1", "arrgv": "^1.0.2", "arrify": "^3.0.0", "callsites": "^4.2.0", "cbor": "^10.0.3", "chalk": "^5.4.1", "chunkd": "^2.0.1", "ci-info": "^4.2.0", "ci-parallel-vars": "^1.0.1", "cli-truncate": "^4.0.0", "code-excerpt": "^4.0.0", "common-path-prefix": "^3.0.0", "concordance": "^5.0.4", "currently-unhandled": "^0.4.1", "debug": "^4.4.1", "emittery": "^1.1.0", "figures": "^6.1.0", "globby": "^14.1.0", "ignore-by-default": "^2.1.0", "indent-string": "^5.0.0", "is-plain-object": "^5.0.0", "is-promise": "^4.0.0", "matcher": "^5.0.0", "memoize": "^10.1.0", "ms": "^2.1.3", "p-map": "^7.0.3", "package-config": "^5.0.0", "picomatch": "^4.0.2", "plur": "^5.1.0", "pretty-ms": "^9.2.0", "resolve-cwd": "^3.0.0", "stack-utils": "^2.0.6", "strip-ansi": "^7.1.0", "supertap": "^3.0.1", "temp-dir": "^3.0.0", "write-file-atomic": "^6.0.0", "yargs": "^17.7.2" }, "peerDependencies": { "@ava/typescript": "*" }, "optionalPeers": ["@ava/typescript"], "bin": "entrypoints/cli.mjs" }, ""],

    "balanced-match": ["balanced-match@1.0.2", "", {}, ""],

    "bindings": ["bindings@1.5.0", "", { "dependencies": { "file-uri-to-path": "1.0.0" } }, ""],

    "blueimp-md5": ["blueimp-md5@2.19.0", "", {}, ""],

    "brace-expansion": ["brace-expansion@2.0.1", "", { "dependencies": { "balanced-match": "^1.0.0" } }, ""],

    "braces": ["braces@3.0.3", "", { "dependencies": { "fill-range": "^7.1.1" } }, ""],

    "callsites": ["callsites@4.2.0", "", {}, ""],

    "cbor": ["cbor@10.0.3", "", { "dependencies": { "nofilter": "^3.0.2" } }, ""],

    "chalk": ["chalk@5.4.1", "", {}, ""],

    "chownr": ["chownr@3.0.0", "", {}, ""],

    "chunkd": ["chunkd@2.0.1", "", {}, ""],

    "ci-info": ["ci-info@4.2.0", "", {}, ""],

    "ci-parallel-vars": ["ci-parallel-vars@1.0.1", "", {}, ""],

    "cli-truncate": ["cli-truncate@4.0.0", "", { "dependencies": { "slice-ansi": "^5.0.0", "string-width": "^7.0.0" } }, ""],

    "cliui": ["cliui@8.0.1", "", { "dependencies": { "string-width": "^4.2.0", "strip-ansi": "^6.0.1", "wrap-ansi": "^7.0.0" } }, ""],

    "code-excerpt": ["code-excerpt@4.0.0", "", { "dependencies": { "convert-to-spaces": "^2.0.1" } }, ""],

    "color-convert": ["color-convert@2.0.1", "", { "dependencies": { "color-name": "~1.1.4" } }, ""],

    "color-name": ["color-name@1.1.4", "", {}, ""],

    "common-path-prefix": ["common-path-prefix@3.0.0", "", {}, ""],

    "concordance": ["concordance@5.0.4", "", { "dependencies": { "date-time": "^3.1.0", "esutils": "^2.0.3", "fast-diff": "^1.2.0", "js-string-escape": "^1.0.1", "lodash": "^4.17.15", "md5-hex": "^3.0.1", "semver": "^7.3.2", "well-known-symbols": "^2.0.0" } }, ""],

    "consola": ["consola@3.4.0", "", {}, ""],

    "convert-to-spaces": ["convert-to-spaces@2.0.1", "", {}, ""],

    "cross-spawn": ["cross-spawn@7.0.6", "", { "dependencies": { "path-key": "^3.1.0", "shebang-command": "^2.0.0", "which": "^2.0.1" } }, ""],

    "cssstyle": ["cssstyle@4.5.0", "", { "dependencies": { "@asamuzakjp/css-color": "^3.2.0", "rrweb-cssom": "^0.8.0" } }, "sha512-/7gw8TGrvH/0g564EnhgFZogTMVe+lifpB7LWU+PEsiq5o83TUXR3fDbzTRXOJhoJwck5IS9ez3Em5LNMMO2aw=="],

    "currently-unhandled": ["currently-unhandled@0.4.1", "", { "dependencies": { "array-find-index": "^1.0.1" } }, ""],

    "data-urls": ["data-urls@5.0.0", "", { "dependencies": { "whatwg-mimetype": "^4.0.0", "whatwg-url": "^14.0.0" } }, "sha512-ZYP5VBHshaDAiVZxjbRVcFJpc+4xGgT0bK3vzy1HLN8jTO975HEbuYzZJcHoQEY5K1a0z8YayJkyVETa08eNTg=="],

    "date-time": ["date-time@3.1.0", "", { "dependencies": { "time-zone": "^1.0.0" } }, ""],

    "debug": ["debug@4.4.1", "", { "dependencies": { "ms": "^2.1.3" } }, ""],

    "decimal.js": ["decimal.js@10.5.0", "", {}, "sha512-8vDa8Qxvr/+d94hSh5P3IJwI5t8/c0KsMp+g8bNw9cY2icONa5aPfvKeieW1WlG0WQYwwhJ7mjui2xtiePQSXw=="],

    "detect-libc": ["detect-libc@2.0.3", "", {}, ""],

    "duplexer": ["duplexer@0.1.2", "", {}, ""],

    "duplexer3": ["duplexer3@1.0.0", "", {}, "sha512-6O5ndCyJ9CGF9cR2Yi3VFq1OvXXLEgX848InIOl8xUBPYwb8jn/93j10lGaZyLnMRa71IT5OHhURlOiVjH9OVg=="],

    "eastasianwidth": ["eastasianwidth@0.2.0", "", {}, ""],

    "emittery": ["emittery@1.1.0", "", {}, ""],

    "emoji-regex": ["emoji-regex@10.4.0", "", {}, ""],

    "entities": ["entities@6.0.1", "", {}, "sha512-aN97NXWF6AWBTahfVOIrB/NShkzi5H7F9r1s9mD3cDj4Ko5f2qhhVoYMibXF7GlLveb/D2ioWay8lxI97Ven3g=="],

    "esbuild": ["esbuild@0.25.5", "", { "optionalDependencies": { "@esbuild/linux-x64": "0.25.5" }, "bin": "bin/esbuild" }, ""],

    "escalade": ["escalade@3.2.0", "", {}, ""],

    "escape-string-regexp": ["escape-string-regexp@5.0.0", "", {}, ""],

    "esprima": ["esprima@4.0.1", "", { "bin": { "esparse": "bin/esparse.js", "esvalidate": "bin/esvalidate.js" } }, ""],

    "estree-walker": ["estree-walker@2.0.2", "", {}, ""],

    "esutils": ["esutils@2.0.3", "", {}, ""],

    "events-to-array": ["events-to-array@2.0.3", "", {}, "sha512-f/qE2gImHRa4Cp2y1stEOSgw8wTFyUdVJX7G//bMwbaV9JqISFxg99NbmVQeP7YLnDUZ2un851jlaDrlpmGehQ=="],

    "fast-diff": ["fast-diff@1.3.0", "", {}, ""],

    "fast-glob": ["fast-glob@3.3.3", "", { "dependencies": { "@nodelib/fs.stat": "^2.0.2", "@nodelib/fs.walk": "^1.2.3", "glob-parent": "^5.1.2", "merge2": "^1.3.0", "micromatch": "^4.0.8" } }, ""],

    "fastq": ["fastq@1.19.0", "", { "dependencies": { "reusify": "^1.0.4" } }, ""],

    "figures": ["figures@6.1.0", "", { "dependencies": { "is-unicode-supported": "^2.0.0" } }, ""],

    "file-uri-to-path": ["file-uri-to-path@1.0.0", "", {}, ""],

    "fill-range": ["fill-range@7.1.1", "", { "dependencies": { "to-regex-range": "^5.0.1" } }, ""],

    "find-up-simple": ["find-up-simple@1.0.0", "", {}, ""],

    "foreground-child": ["foreground-child@3.3.0", "", { "dependencies": { "cross-spawn": "^7.0.0", "signal-exit": "^4.0.1" } }, ""],

    "get-caller-file": ["get-caller-file@2.0.5", "", {}, ""],

    "get-east-asian-width": ["get-east-asian-width@1.3.0", "", {}, ""],

    "glob": ["glob@10.4.5", "", { "dependencies": { "foreground-child": "^3.1.0", "jackspeak": "^3.1.2", "minimatch": "^9.0.4", "minipass": "^7.1.2", "package-json-from-dist": "^1.0.0", "path-scurry": "^1.11.1" }, "bin": "dist/esm/bin.mjs" }, ""],

    "glob-parent": ["glob-parent@5.1.2", "", { "dependencies": { "is-glob": "^4.0.1" } }, ""],

    "globby": ["globby@14.1.0", "", { "dependencies": { "@sindresorhus/merge-streams": "^2.1.0", "fast-glob": "^3.3.3", "ignore": "^7.0.3", "path-type": "^6.0.0", "slash": "^5.1.0", "unicorn-magic": "^0.3.0" } }, ""],

    "graceful-fs": ["graceful-fs@4.2.11", "", {}, ""],

    "gzip-size": ["gzip-size@7.0.0", "", { "dependencies": { "duplexer": "^0.1.2" } }, ""],

    "hirestime": ["hirestime@7.0.4", "", {}, "sha512-+MBUB+eJCfsLnl/DOeQTUi/GgS+Ottk5/pR6pDN7HJNOkMOHMMmmvNmQhes1zevzVi6xiulsY8ZnPrDZEcXXxg=="],

    "html-encoding-sniffer": ["html-encoding-sniffer@4.0.0", "", { "dependencies": { "whatwg-encoding": "^3.1.1" } }, "sha512-Y22oTqIU4uuPgEemfz7NDJz6OeKf12Lsu+QC+s3BVpda64lTiMYCyGwg5ki4vFxkMwQdeZDl2adZoqUgdFuTgQ=="],

    "http-proxy-agent": ["http-proxy-agent@7.0.2", "", { "dependencies": { "agent-base": "^7.1.0", "debug": "^4.3.4" } }, "sha512-T1gkAiYYDWYx3V5Bmyu7HcfcvL7mUrTWiM6yOfa3PIphViJ/gFPbvidQ+veqSOHci/PxBcDabeUNCzpOODJZig=="],

    "https-proxy-agent": ["https-proxy-agent@7.0.6", "", { "dependencies": { "agent-base": "^7.1.2", "debug": "4" } }, ""],

    "iconv-lite": ["iconv-lite@0.6.3", "", { "dependencies": { "safer-buffer": ">= 2.1.2 < 3.0.0" } }, "sha512-4fCk79wshMdzMp2rH06qWrJE4iolqLhCUH+OiuIgU++RB0+94NlDL81atO7GX55uUKueo0txHNtvEyI6D7WdMw=="],

    "ignore": ["ignore@7.0.4", "", {}, ""],

    "ignore-by-default": ["ignore-by-default@2.1.0", "", {}, ""],

    "imurmurhash": ["imurmurhash@0.1.4", "", {}, ""],

    "indent-string": ["indent-string@5.0.0", "", {}, ""],

    "irregular-plurals": ["irregular-plurals@3.5.0", "", {}, ""],

    "is-extglob": ["is-extglob@2.1.1", "", {}, ""],

    "is-fullwidth-code-point": ["is-fullwidth-code-point@4.0.0", "", {}, ""],

    "is-glob": ["is-glob@4.0.3", "", { "dependencies": { "is-extglob": "^2.1.1" } }, ""],

    "is-number": ["is-number@7.0.0", "", {}, ""],

    "is-plain-object": ["is-plain-object@5.0.0", "", {}, ""],

    "is-potential-custom-element-name": ["is-potential-custom-element-name@1.0.1", "", {}, "sha512-bCYeRA2rVibKZd+s2625gGnGF/t7DSqDs4dP7CrLA1m7jKWz6pps0LpYLJN8Q64HtmPKJ1hrN3nzPNKFEKOUiQ=="],

    "is-promise": ["is-promise@4.0.0", "", {}, ""],

    "is-unicode-supported": ["is-unicode-supported@2.1.0", "", {}, ""],

    "isexe": ["isexe@2.0.0", "", {}, ""],

    "jackspeak": ["jackspeak@3.4.3", "", { "dependencies": { "@isaacs/cliui": "^8.0.2" }, "optionalDependencies": { "@pkgjs/parseargs": "^0.11.0" } }, ""],

    "js-string-escape": ["js-string-escape@1.0.1", "", {}, ""],

    "js-yaml": ["js-yaml@3.14.1", "", { "dependencies": { "argparse": "^1.0.7", "esprima": "^4.0.0" }, "bin": "bin/js-yaml.js" }, ""],

    "jsdom": ["jsdom@26.1.0", "", { "dependencies": { "cssstyle": "^4.2.1", "data-urls": "^5.0.0", "decimal.js": "^10.5.0", "html-encoding-sniffer": "^4.0.0", "http-proxy-agent": "^7.0.2", "https-proxy-agent": "^7.0.6", "is-potential-custom-element-name": "^1.0.1", "nwsapi": "^2.2.16", "parse5": "^7.2.1", "rrweb-cssom": "^0.8.0", "saxes": "^6.0.0", "symbol-tree": "^3.2.4", "tough-cookie": "^5.1.1", "w3c-xmlserializer": "^5.0.0", "webidl-conversions": "^7.0.0", "whatwg-encoding": "^3.1.1", "whatwg-mimetype": "^4.0.0", "whatwg-url": "^14.1.1", "ws": "^8.18.0", "xml-name-validator": "^5.0.0" }, "peerDependencies": { "canvas": "^3.0.0" }, "optionalPeers": ["canvas"] }, "sha512-Cvc9WUhxSMEo4McES3P7oK3QaXldCfNWp7pl2NNeiIFlCoLr3kfq9kb1fxftiwk1FLV7CvpvDfonxtzUDeSOPg=="],

    "litecanvas": ["litecanvas@0.84.1", "", {}, "sha512-nvViyrm54YMNeY4gnKBDNXouE5jC5vPNuubPRQwLAR8Fs3Npp9jOXJTb8ZyroMuP8KHUxn7k0XepiK8F5xoj8g=="],

    "load-json-file": ["load-json-file@7.0.1", "", {}, ""],

    "lodash": ["lodash@4.17.21", "", {}, ""],

    "lru-cache": ["lru-cache@10.4.3", "", {}, ""],

    "matcher": ["matcher@5.0.0", "", { "dependencies": { "escape-string-regexp": "^5.0.0" } }, ""],

    "md5-hex": ["md5-hex@3.0.1", "", { "dependencies": { "blueimp-md5": "^2.10.0" } }, ""],

    "memoize": ["memoize@10.1.0", "", { "dependencies": { "mimic-function": "^5.0.1" } }, ""],

    "merge2": ["merge2@1.4.1", "", {}, ""],

    "micromatch": ["micromatch@4.0.8", "", { "dependencies": { "braces": "^3.0.3", "picomatch": "^2.3.1" } }, ""],

    "mimic-function": ["mimic-function@5.0.1", "", {}, ""],

    "minimatch": ["minimatch@9.0.5", "", { "dependencies": { "brace-expansion": "^2.0.1" } }, ""],

    "minipass": ["minipass@7.1.2", "", {}, ""],

    "minizlib": ["minizlib@3.0.1", "", { "dependencies": { "minipass": "^7.0.4", "rimraf": "^5.0.5" } }, ""],

    "mkdirp": ["mkdirp@3.0.1", "", { "bin": "dist/cjs/src/bin.js" }, ""],

    "ms": ["ms@2.1.3", "", {}, ""],

    "node-fetch": ["node-fetch@2.7.0", "", { "dependencies": { "whatwg-url": "^5.0.0" }, "peerDependencies": { "encoding": "^0.1.0" }, "optionalPeers": ["encoding"] }, ""],

    "node-gyp-build": ["node-gyp-build@4.8.4", "", { "bin": { "node-gyp-build": "bin.js", "node-gyp-build-optional": "optional.js", "node-gyp-build-test": "build-test.js" } }, ""],

    "nofilter": ["nofilter@3.1.0", "", {}, ""],

    "nopt": ["nopt@8.1.0", "", { "dependencies": { "abbrev": "^3.0.0" }, "bin": "bin/nopt.js" }, ""],

    "nwsapi": ["nwsapi@2.2.20", "", {}, "sha512-/ieB+mDe4MrrKMT8z+mQL8klXydZWGR5Dowt4RAGKbJ3kIGEx3X4ljUo+6V73IXtUPWgfOlU5B9MlGxFO5T+cA=="],

    "p-map": ["p-map@7.0.3", "", {}, ""],

    "package-config": ["package-config@5.0.0", "", { "dependencies": { "find-up-simple": "^1.0.0", "load-json-file": "^7.0.1" } }, ""],

    "package-json-from-dist": ["package-json-from-dist@1.0.1", "", {}, ""],

    "parse-ms": ["parse-ms@4.0.0", "", {}, ""],

    "parse5": ["parse5@7.3.0", "", { "dependencies": { "entities": "^6.0.0" } }, "sha512-IInvU7fabl34qmi9gY8XOVxhYyMyuH2xUNpb2q8/Y+7552KlejkRvqvD19nMoUW/uQGGbqNpA6Tufu5FL5BZgw=="],

    "path-key": ["path-key@3.1.1", "", {}, ""],

    "path-scurry": ["path-scurry@1.11.1", "", { "dependencies": { "lru-cache": "^10.2.0", "minipass": "^5.0.0 || ^6.0.2 || ^7.0.0" } }, ""],

    "path-type": ["path-type@6.0.0", "", {}, ""],

    "picomatch": ["picomatch@4.0.2", "", {}, ""],

    "plur": ["plur@5.1.0", "", { "dependencies": { "irregular-plurals": "^3.3.0" } }, ""],

    "prettier": ["prettier@3.6.0", "", { "bin": { "prettier": "bin/prettier.cjs" } }, "sha512-ujSB9uXHJKzM/2GBuE0hBOUgC77CN3Bnpqa+g80bkv3T3A93wL/xlzDATHhnhkzifz/UE2SNOvmbTz5hSkDlHw=="],

    "pretty-ms": ["pretty-ms@9.2.0", "", { "dependencies": { "parse-ms": "^4.0.0" } }, ""],

    "punycode": ["punycode@2.3.1", "", {}, "sha512-vYt7UD1U9Wg6138shLtLOvdAu+8DsC/ilFtEVHcH+wydcSpNE20AfSOduf6MkRFahL5FY7X1oU7nKVZFtfq8Fg=="],

    "queue-microtask": ["queue-microtask@1.2.3", "", {}, ""],

    "require-directory": ["require-directory@2.1.1", "", {}, ""],

    "resolve-cwd": ["resolve-cwd@3.0.0", "", { "dependencies": { "resolve-from": "^5.0.0" } }, ""],

    "resolve-from": ["resolve-from@5.0.0", "", {}, ""],

    "reusify": ["reusify@1.0.4", "", {}, ""],

    "rimraf": ["rimraf@5.0.10", "", { "dependencies": { "glob": "^10.3.7" }, "bin": "dist/esm/bin.mjs" }, ""],

    "rrweb-cssom": ["rrweb-cssom@0.8.0", "", {}, "sha512-guoltQEx+9aMf2gDZ0s62EcV8lsXR+0w8915TC3ITdn2YueuNjdAYh/levpU9nFaoChh9RUS5ZdQMrKfVEN9tw=="],

    "run-parallel": ["run-parallel@1.2.0", "", { "dependencies": { "queue-microtask": "^1.2.2" } }, ""],

    "safer-buffer": ["safer-buffer@2.1.2", "", {}, "sha512-YZo3K82SD7Riyi0E1EQPojLz7kpepnSQI9IyPbHHg1XXXevb5dJI7tpyN2ADxGcQbHG7vcyRHk0cbwqcQriUtg=="],

    "saxes": ["saxes@6.0.0", "", { "dependencies": { "xmlchars": "^2.2.0" } }, "sha512-xAg7SOnEhrm5zI3puOOKyy1OMcMlIJZYNJY7xLBwSze0UjhPLnWfj2GF2EpT0jmzaJKIWKHLsaSSajf35bcYnA=="],

    "semver": ["semver@7.7.1", "", { "bin": "bin/semver.js" }, ""],

    "serialize-error": ["serialize-error@7.0.1", "", { "dependencies": { "type-fest": "^0.13.1" } }, ""],

    "shebang-command": ["shebang-command@2.0.0", "", { "dependencies": { "shebang-regex": "^3.0.0" } }, ""],

    "shebang-regex": ["shebang-regex@3.0.0", "", {}, ""],

    "signal-exit": ["signal-exit@4.1.0", "", {}, ""],

    "slash": ["slash@5.1.0", "", {}, ""],

    "slice-ansi": ["slice-ansi@5.0.0", "", { "dependencies": { "ansi-styles": "^6.0.0", "is-fullwidth-code-point": "^4.0.0" } }, ""],

    "sprintf-js": ["sprintf-js@1.0.3", "", {}, ""],

    "stack-utils": ["stack-utils@2.0.6", "", { "dependencies": { "escape-string-regexp": "^2.0.0" } }, ""],

    "string-width": ["string-width@7.2.0", "", { "dependencies": { "emoji-regex": "^10.3.0", "get-east-asian-width": "^1.0.0", "strip-ansi": "^7.1.0" } }, ""],

    "string-width-cjs": ["string-width@4.2.3", "", { "dependencies": { "emoji-regex": "^8.0.0", "is-fullwidth-code-point": "^3.0.0", "strip-ansi": "^6.0.1" } }, ""],

    "strip-ansi": ["strip-ansi@7.1.0", "", { "dependencies": { "ansi-regex": "^6.0.1" } }, ""],

    "strip-ansi-cjs": ["strip-ansi@6.0.1", "", { "dependencies": { "ansi-regex": "^5.0.1" } }, ""],

    "supertap": ["supertap@3.0.1", "", { "dependencies": { "indent-string": "^5.0.0", "js-yaml": "^3.14.1", "serialize-error": "^7.0.1", "strip-ansi": "^7.0.1" } }, ""],

    "symbol-tree": ["symbol-tree@3.2.4", "", {}, "sha512-9QNk5KwDF+Bvz+PyObkmSYjI5ksVUYtjW7AU22r2NKcfLJcXp96hkDWU3+XndOsUb+AQ9QhfzfCT2O+CNWT5Tw=="],

    "tap-min": ["tap-min@3.0.0", "", { "dependencies": { "chalk": "^5.3.0", "duplexer3": "^1.0.0", "hirestime": "^7.0.3", "pretty-ms": "^8.0.0", "tap-parser": "^13.0.2-1" }, "bin": "cli.js" }, "sha512-oEhFyYCUEmRLYwtlIkRgeVkX538yEQfoSg6BcWXMq05TFsnpsi3vtQZJeEBkXzMWlj1h/rKaRMaWPCvCTmIIXg=="],

    "tap-parser": ["tap-parser@13.0.2-1", "", { "dependencies": { "events-to-array": "^2.0.3", "tap-yaml": "2.1.1-1" }, "bin": "bin/cmd.js" }, "sha512-A6U6TvfwEUFVivyZFiTth3LVrGw9aa4j4cSU8W6ui3sfrZBRNzE1y5YhBomz0+RIRURdspFJdaJvVgSXI68h0Q=="],

    "tap-yaml": ["tap-yaml@2.1.1-1", "", { "dependencies": { "yaml": "^2.3.0", "yaml-types": "^0.3.0" } }, "sha512-acWZWpwstr0YMms30FW2nlFkJ0hSm/o2x32Hq5v10IKqYKwnRXARSx6TKbz/gzcSoODPi9PkFQYGYBgowxKDfA=="],

    "tar": ["tar@7.4.3", "", { "dependencies": { "@isaacs/fs-minipass": "^4.0.0", "chownr": "^3.0.0", "minipass": "^7.1.2", "minizlib": "^3.0.1", "mkdirp": "^3.0.1", "yallist": "^5.0.0" } }, ""],

    "temp-dir": ["temp-dir@3.0.0", "", {}, ""],

    "time-zone": ["time-zone@1.0.0", "", {}, ""],

    "tldts": ["tldts@6.1.86", "", { "dependencies": { "tldts-core": "^6.1.86" }, "bin": "bin/cli.js" }, "sha512-WMi/OQ2axVTf/ykqCQgXiIct+mSQDFdH2fkwhPwgEwvJ1kSzZRiinb0zF2Xb8u4+OqPChmyI6MEu4EezNJz+FQ=="],

    "tldts-core": ["tldts-core@6.1.86", "", {}, "sha512-Je6p7pkk+KMzMv2XXKmAE3McmolOQFdxkKw0R8EYNr7sELW46JqnNeTX8ybPiQgvg1ymCoF8LXs5fzFaZvJPTA=="],

    "to-regex-range": ["to-regex-range@5.0.1", "", { "dependencies": { "is-number": "^7.0.0" } }, ""],

    "tough-cookie": ["tough-cookie@5.1.2", "", { "dependencies": { "tldts": "^6.1.32" } }, "sha512-FVDYdxtnj0G6Qm/DhNPSb8Ju59ULcup3tuJxkFb5K8Bv2pUXILbf0xZWU8PX8Ov19OXljbUyveOFwRMwkXzO+A=="],

    "tr46": ["tr46@5.1.1", "", { "dependencies": { "punycode": "^2.3.1" } }, "sha512-hdF5ZgjTqgAntKkklYw0R03MG2x/bSzTtkxmIRw/sTNV8YXsCJ1tfLAX23lhxhHJlEf3CRCOCGGWw3vI3GaSPw=="],

    "type-fest": ["type-fest@0.13.1", "", {}, ""],

    "undici-types": ["undici-types@7.8.0", "", {}, "sha512-9UJ2xGDvQ43tYyVMpuHlsgApydB8ZKfVYTsLDhXkFL/6gfkp+U8xTGdh8pMJv1SpZna0zxG1DwsKZsreLbXBxw=="],

    "unicorn-magic": ["unicorn-magic@0.3.0", "", {}, ""],

    "w3c-xmlserializer": ["w3c-xmlserializer@5.0.0", "", { "dependencies": { "xml-name-validator": "^5.0.0" } }, "sha512-o8qghlI8NZHU1lLPrpi2+Uq7abh4GGPpYANlalzWxyWteJOCsr/P+oPBA49TOLu5FTZO4d3F9MnWJfiMo4BkmA=="],

    "webidl-conversions": ["webidl-conversions@7.0.0", "", {}, "sha512-VwddBukDzu71offAQR975unBIGqfKZpM+8ZX6ySk8nYhVoo5CYaZyzt3YBvYtRtO+aoGlqxPg/B87NGVZ/fu6g=="],

    "well-known-symbols": ["well-known-symbols@2.0.0", "", {}, ""],

    "whatwg-encoding": ["whatwg-encoding@3.1.1", "", { "dependencies": { "iconv-lite": "0.6.3" } }, "sha512-6qN4hJdMwfYBtE3YBTTHhoeuUrDBPZmbQaxWAqSALV/MeEnR5z1xd8UKud2RAkFoPkmB+hli1TZSnyi84xz1vQ=="],

    "whatwg-mimetype": ["whatwg-mimetype@4.0.0", "", {}, "sha512-QaKxh0eNIi2mE9p2vEdzfagOKHCcj1pJ56EEHGQOVxp8r9/iszLUUV7v89x9O1p/T+NlTM5W7jW6+cz4Fq1YVg=="],

    "whatwg-url": ["whatwg-url@14.2.0", "", { "dependencies": { "tr46": "^5.1.0", "webidl-conversions": "^7.0.0" } }, "sha512-De72GdQZzNTUBBChsXueQUnPKDkg/5A5zp7pFDuQAj5UFoENpiACU0wlCvzpAGnTkj++ihpKwKyYewn/XNUbKw=="],

    "which": ["which@2.0.2", "", { "dependencies": { "isexe": "^2.0.0" }, "bin": { "node-which": "bin/node-which" } }, ""],

    "wrap-ansi": ["wrap-ansi@7.0.0", "", { "dependencies": { "ansi-styles": "^4.0.0", "string-width": "^4.1.0", "strip-ansi": "^6.0.0" } }, ""],

    "wrap-ansi-cjs": ["wrap-ansi@7.0.0", "", { "dependencies": { "ansi-styles": "^4.0.0", "string-width": "^4.1.0", "strip-ansi": "^6.0.0" } }, ""],

    "write-file-atomic": ["write-file-atomic@6.0.0", "", { "dependencies": { "imurmurhash": "^0.1.4", "signal-exit": "^4.0.1" } }, ""],

    "ws": ["ws@8.18.2", "", { "peerDependencies": { "bufferutil": "^4.0.1", "utf-8-validate": ">=5.0.2" }, "optionalPeers": ["bufferutil", "utf-8-validate"] }, "sha512-DMricUmwGZUVr++AEAe2uiVM7UoO9MAVZMDu05UQOaUII0lp+zOzLLU4Xqh/JvTqklB1T4uELaaPBKyjE1r4fQ=="],

    "xml-name-validator": ["xml-name-validator@5.0.0", "", {}, "sha512-EvGK8EJ3DhaHfbRlETOWAS5pO9MZITeauHKJyb8wyajUfQUenkIg2MvLDTZ4T/TgIcm3HU0TFBgWWboAZ30UHg=="],

    "xmlchars": ["xmlchars@2.2.0", "", {}, "sha512-JZnDKK8B0RCDw84FNdDAIpZK+JuJw+s7Lz8nksI7SIuU3UXJJslUthsi+uWBUYOwPFwW7W7PRLRfUKpxjtjFCw=="],

    "y18n": ["y18n@5.0.8", "", {}, ""],

    "yallist": ["yallist@5.0.0", "", {}, ""],

    "yaml": ["yaml@2.8.0", "", { "bin": "bin.mjs" }, "sha512-4lLa/EcQCB0cJkyts+FpIRx5G/llPxfP6VQU5KByHEhLxY3IJCH0f0Hy1MHI8sClTvsIb8qwRJ6R/ZdlDJ/leQ=="],

    "yaml-types": ["yaml-types@0.3.0", "", { "peerDependencies": { "yaml": "^2.3.0" } }, "sha512-i9RxAO/LZBiE0NJUy9pbN5jFz5EasYDImzRkj8Y81kkInTi1laia3P3K/wlMKzOxFQutZip8TejvQP/DwgbU7A=="],

    "yargs": ["yargs@17.7.2", "", { "dependencies": { "cliui": "^8.0.1", "escalade": "^3.1.1", "get-caller-file": "^2.0.5", "require-directory": "^2.1.1", "string-width": "^4.2.3", "y18n": "^5.0.5", "yargs-parser": "^21.1.1" } }, ""],

    "yargs-parser": ["yargs-parser@21.1.1", "", {}, ""],

    "@isaacs/cliui/string-width": ["string-width@5.1.2", "", { "dependencies": { "eastasianwidth": "^0.2.0", "emoji-regex": "^9.2.2", "strip-ansi": "^7.0.1" } }, ""],

    "@isaacs/cliui/wrap-ansi": ["wrap-ansi@8.1.0", "", { "dependencies": { "ansi-styles": "^6.1.0", "string-width": "^5.0.1", "strip-ansi": "^7.0.1" } }, ""],

    "acorn-walk/acorn": ["acorn@8.14.0", "", { "bin": "bin/acorn" }, ""],

    "cliui/string-width": ["string-width@4.2.3", "", { "dependencies": { "emoji-regex": "^8.0.0", "is-fullwidth-code-point": "^3.0.0", "strip-ansi": "^6.0.1" } }, ""],

    "cliui/strip-ansi": ["strip-ansi@6.0.1", "", { "dependencies": { "ansi-regex": "^5.0.1" } }, ""],

    "https-proxy-agent/debug": ["debug@4.4.0", "", { "dependencies": { "ms": "^2.1.3" } }, ""],

    "micromatch/picomatch": ["picomatch@2.3.1", "", {}, ""],

    "node-fetch/whatwg-url": ["whatwg-url@5.0.0", "", { "dependencies": { "tr46": "~0.0.3", "webidl-conversions": "^3.0.0" } }, ""],

    "stack-utils/escape-string-regexp": ["escape-string-regexp@2.0.0", "", {}, ""],

    "string-width-cjs/emoji-regex": ["emoji-regex@8.0.0", "", {}, ""],

    "string-width-cjs/is-fullwidth-code-point": ["is-fullwidth-code-point@3.0.0", "", {}, ""],

    "string-width-cjs/strip-ansi": ["strip-ansi@6.0.1", "", { "dependencies": { "ansi-regex": "^5.0.1" } }, ""],

    "strip-ansi-cjs/ansi-regex": ["ansi-regex@5.0.1", "", {}, ""],

    "tap-min/pretty-ms": ["pretty-ms@8.0.0", "", { "dependencies": { "parse-ms": "^3.0.0" } }, "sha512-ASJqOugUF1bbzI35STMBUpZqdfYKlJugy6JBziGi2EE+AL5JPJGSzvpeVXojxrr0ViUYoToUjb5kjSEGf7Y83Q=="],

    "wrap-ansi/ansi-styles": ["ansi-styles@4.3.0", "", { "dependencies": { "color-convert": "^2.0.1" } }, ""],

    "wrap-ansi/string-width": ["string-width@4.2.3", "", { "dependencies": { "emoji-regex": "^8.0.0", "is-fullwidth-code-point": "^3.0.0", "strip-ansi": "^6.0.1" } }, ""],

    "wrap-ansi/strip-ansi": ["strip-ansi@6.0.1", "", { "dependencies": { "ansi-regex": "^5.0.1" } }, ""],

    "wrap-ansi-cjs/ansi-styles": ["ansi-styles@4.3.0", "", { "dependencies": { "color-convert": "^2.0.1" } }, ""],

    "wrap-ansi-cjs/string-width": ["string-width@4.2.3", "", { "dependencies": { "emoji-regex": "^8.0.0", "is-fullwidth-code-point": "^3.0.0", "strip-ansi": "^6.0.1" } }, ""],

    "wrap-ansi-cjs/strip-ansi": ["strip-ansi@6.0.1", "", { "dependencies": { "ansi-regex": "^5.0.1" } }, ""],

    "yargs/string-width": ["string-width@4.2.3", "", { "dependencies": { "emoji-regex": "^8.0.0", "is-fullwidth-code-point": "^3.0.0", "strip-ansi": "^6.0.1" } }, ""],

    "@isaacs/cliui/string-width/emoji-regex": ["emoji-regex@9.2.2", "", {}, ""],

    "cliui/string-width/emoji-regex": ["emoji-regex@8.0.0", "", {}, ""],

    "cliui/string-width/is-fullwidth-code-point": ["is-fullwidth-code-point@3.0.0", "", {}, ""],

    "cliui/strip-ansi/ansi-regex": ["ansi-regex@5.0.1", "", {}, ""],

    "node-fetch/whatwg-url/tr46": ["tr46@0.0.3", "", {}, ""],

    "node-fetch/whatwg-url/webidl-conversions": ["webidl-conversions@3.0.1", "", {}, ""],

    "string-width-cjs/strip-ansi/ansi-regex": ["ansi-regex@5.0.1", "", {}, ""],

    "tap-min/pretty-ms/parse-ms": ["parse-ms@3.0.0", "", {}, "sha512-Tpb8Z7r7XbbtBTrM9UhpkzzaMrqA2VXMT3YChzYltwV3P3pM6t8wl7TvpMnSTosz1aQAdVib7kdoys7vYOPerw=="],

    "wrap-ansi-cjs/string-width/emoji-regex": ["emoji-regex@8.0.0", "", {}, ""],

    "wrap-ansi-cjs/string-width/is-fullwidth-code-point": ["is-fullwidth-code-point@3.0.0", "", {}, ""],

    "wrap-ansi-cjs/strip-ansi/ansi-regex": ["ansi-regex@5.0.1", "", {}, ""],

    "wrap-ansi/string-width/emoji-regex": ["emoji-regex@8.0.0", "", {}, ""],

    "wrap-ansi/string-width/is-fullwidth-code-point": ["is-fullwidth-code-point@3.0.0", "", {}, ""],

    "wrap-ansi/strip-ansi/ansi-regex": ["ansi-regex@5.0.1", "", {}, ""],

    "yargs/string-width/emoji-regex": ["emoji-regex@8.0.0", "", {}, ""],

    "yargs/string-width/is-fullwidth-code-point": ["is-fullwidth-code-point@3.0.0", "", {}, ""],

    "yargs/string-width/strip-ansi": ["strip-ansi@6.0.1", "", { "dependencies": { "ansi-regex": "^5.0.1" } }, ""],

    "yargs/string-width/strip-ansi/ansi-regex": ["ansi-regex@5.0.1", "", {}, ""],
  }
}
