{
  "lockfileVersion": 1,
  "configVersion": 0,
  "workspaces": {
    "": {
      "name": "litecanvas",
      "devDependencies": {
        "@happy-dom/global-registrator": "^20.0.11",
        "@size-limit/preset-small-lib": "^12.0.0",
        "@swc/core": "^1.15.8",
        "ava": "^6.4.1",
        "esbuild": "^0.27.2",
        "genversion": "^3.2.0",
        "gzip-size": "^7.0.0",
        "prettier": "^3.7.4",
        "sinon": "^21.0.1",
        "size-limit": "^12.0.0",
        "tap-min": "^3.0.0",
      },
    },
  },
  "trustedDependencies": [
    "@swc/core",
  ],
  "packages": {
    "@esbuild/aix-ppc64": ["@esbuild/aix-ppc64@0.27.2", "", { "os": "aix", "cpu": "ppc64" }, "sha512-GZMB+a0mOMZs4MpDbj8RJp4cw+w1WV5NYD6xzgvzUJ5Ek2jerwfO2eADyI6ExDSUED+1X8aMbegahsJi+8mgpw=="],

    "@esbuild/android-arm": ["@esbuild/android-arm@0.27.2", "", { "os": "android", "cpu": "arm" }, "sha512-DVNI8jlPa7Ujbr1yjU2PfUSRtAUZPG9I1RwW4F4xFB1Imiu2on0ADiI/c3td+KmDtVKNbi+nffGDQMfcIMkwIA=="],

    "@esbuild/android-arm64": ["@esbuild/android-arm64@0.27.2", "", { "os": "android", "cpu": "arm64" }, "sha512-pvz8ZZ7ot/RBphf8fv60ljmaoydPU12VuXHImtAs0XhLLw+EXBi2BLe3OYSBslR4rryHvweW5gmkKFwTiFy6KA=="],

    "@esbuild/android-x64": ["@esbuild/android-x64@0.27.2", "", { "os": "android", "cpu": "x64" }, "sha512-z8Ank4Byh4TJJOh4wpz8g2vDy75zFL0TlZlkUkEwYXuPSgX8yzep596n6mT7905kA9uHZsf/o2OJZubl2l3M7A=="],

    "@esbuild/darwin-arm64": ["@esbuild/darwin-arm64@0.27.2", "", { "os": "darwin", "cpu": "arm64" }, "sha512-davCD2Zc80nzDVRwXTcQP/28fiJbcOwvdolL0sOiOsbwBa72kegmVU0Wrh1MYrbuCL98Omp5dVhQFWRKR2ZAlg=="],

    "@esbuild/darwin-x64": ["@esbuild/darwin-x64@0.27.2", "", { "os": "darwin", "cpu": "x64" }, "sha512-ZxtijOmlQCBWGwbVmwOF/UCzuGIbUkqB1faQRf5akQmxRJ1ujusWsb3CVfk/9iZKr2L5SMU5wPBi1UWbvL+VQA=="],

    "@esbuild/freebsd-arm64": ["@esbuild/freebsd-arm64@0.27.2", "", { "os": "freebsd", "cpu": "arm64" }, "sha512-lS/9CN+rgqQ9czogxlMcBMGd+l8Q3Nj1MFQwBZJyoEKI50XGxwuzznYdwcav6lpOGv5BqaZXqvBSiB/kJ5op+g=="],

    "@esbuild/freebsd-x64": ["@esbuild/freebsd-x64@0.27.2", "", { "os": "freebsd", "cpu": "x64" }, "sha512-tAfqtNYb4YgPnJlEFu4c212HYjQWSO/w/h/lQaBK7RbwGIkBOuNKQI9tqWzx7Wtp7bTPaGC6MJvWI608P3wXYA=="],

    "@esbuild/linux-arm": ["@esbuild/linux-arm@0.27.2", "", { "os": "linux", "cpu": "arm" }, "sha512-vWfq4GaIMP9AIe4yj1ZUW18RDhx6EPQKjwe7n8BbIecFtCQG4CfHGaHuh7fdfq+y3LIA2vGS/o9ZBGVxIDi9hw=="],

    "@esbuild/linux-arm64": ["@esbuild/linux-arm64@0.27.2", "", { "os": "linux", "cpu": "arm64" }, "sha512-hYxN8pr66NsCCiRFkHUAsxylNOcAQaxSSkHMMjcpx0si13t1LHFphxJZUiGwojB1a/Hd5OiPIqDdXONia6bhTw=="],

    "@esbuild/linux-ia32": ["@esbuild/linux-ia32@0.27.2", "", { "os": "linux", "cpu": "ia32" }, "sha512-MJt5BRRSScPDwG2hLelYhAAKh9imjHK5+NE/tvnRLbIqUWa+0E9N4WNMjmp/kXXPHZGqPLxggwVhz7QP8CTR8w=="],

    "@esbuild/linux-loong64": ["@esbuild/linux-loong64@0.27.2", "", { "os": "linux", "cpu": "none" }, "sha512-lugyF1atnAT463aO6KPshVCJK5NgRnU4yb3FUumyVz+cGvZbontBgzeGFO1nF+dPueHD367a2ZXe1NtUkAjOtg=="],

    "@esbuild/linux-mips64el": ["@esbuild/linux-mips64el@0.27.2", "", { "os": "linux", "cpu": "none" }, "sha512-nlP2I6ArEBewvJ2gjrrkESEZkB5mIoaTswuqNFRv/WYd+ATtUpe9Y09RnJvgvdag7he0OWgEZWhviS1OTOKixw=="],

    "@esbuild/linux-ppc64": ["@esbuild/linux-ppc64@0.27.2", "", { "os": "linux", "cpu": "ppc64" }, "sha512-C92gnpey7tUQONqg1n6dKVbx3vphKtTHJaNG2Ok9lGwbZil6DrfyecMsp9CrmXGQJmZ7iiVXvvZH6Ml5hL6XdQ=="],

    "@esbuild/linux-riscv64": ["@esbuild/linux-riscv64@0.27.2", "", { "os": "linux", "cpu": "none" }, "sha512-B5BOmojNtUyN8AXlK0QJyvjEZkWwy/FKvakkTDCziX95AowLZKR6aCDhG7LeF7uMCXEJqwa8Bejz5LTPYm8AvA=="],

    "@esbuild/linux-s390x": ["@esbuild/linux-s390x@0.27.2", "", { "os": "linux", "cpu": "s390x" }, "sha512-p4bm9+wsPwup5Z8f4EpfN63qNagQ47Ua2znaqGH6bqLlmJ4bx97Y9JdqxgGZ6Y8xVTixUnEkoKSHcpRlDnNr5w=="],

    "@esbuild/linux-x64": ["@esbuild/linux-x64@0.27.2", "", { "os": "linux", "cpu": "x64" }, "sha512-uwp2Tip5aPmH+NRUwTcfLb+W32WXjpFejTIOWZFw/v7/KnpCDKG66u4DLcurQpiYTiYwQ9B7KOeMJvLCu/OvbA=="],

    "@esbuild/netbsd-arm64": ["@esbuild/netbsd-arm64@0.27.2", "", { "os": "none", "cpu": "arm64" }, "sha512-Kj6DiBlwXrPsCRDeRvGAUb/LNrBASrfqAIok+xB0LxK8CHqxZ037viF13ugfsIpePH93mX7xfJp97cyDuTZ3cw=="],

    "@esbuild/netbsd-x64": ["@esbuild/netbsd-x64@0.27.2", "", { "os": "none", "cpu": "x64" }, "sha512-HwGDZ0VLVBY3Y+Nw0JexZy9o/nUAWq9MlV7cahpaXKW6TOzfVno3y3/M8Ga8u8Yr7GldLOov27xiCnqRZf0tCA=="],

    "@esbuild/openbsd-arm64": ["@esbuild/openbsd-arm64@0.27.2", "", { "os": "openbsd", "cpu": "arm64" }, "sha512-DNIHH2BPQ5551A7oSHD0CKbwIA/Ox7+78/AWkbS5QoRzaqlev2uFayfSxq68EkonB+IKjiuxBFoV8ESJy8bOHA=="],

    "@esbuild/openbsd-x64": ["@esbuild/openbsd-x64@0.27.2", "", { "os": "openbsd", "cpu": "x64" }, "sha512-/it7w9Nb7+0KFIzjalNJVR5bOzA9Vay+yIPLVHfIQYG/j+j9VTH84aNB8ExGKPU4AzfaEvN9/V4HV+F+vo8OEg=="],

    "@esbuild/openharmony-arm64": ["@esbuild/openharmony-arm64@0.27.2", "", { "os": "none", "cpu": "arm64" }, "sha512-LRBbCmiU51IXfeXk59csuX/aSaToeG7w48nMwA6049Y4J4+VbWALAuXcs+qcD04rHDuSCSRKdmY63sruDS5qag=="],

    "@esbuild/sunos-x64": ["@esbuild/sunos-x64@0.27.2", "", { "os": "sunos", "cpu": "x64" }, "sha512-kMtx1yqJHTmqaqHPAzKCAkDaKsffmXkPHThSfRwZGyuqyIeBvf08KSsYXl+abf5HDAPMJIPnbBfXvP2ZC2TfHg=="],

    "@esbuild/win32-arm64": ["@esbuild/win32-arm64@0.27.2", "", { "os": "win32", "cpu": "arm64" }, "sha512-Yaf78O/B3Kkh+nKABUF++bvJv5Ijoy9AN1ww904rOXZFLWVc5OLOfL56W+C8F9xn5JQZa3UX6m+IktJnIb1Jjg=="],

    "@esbuild/win32-ia32": ["@esbuild/win32-ia32@0.27.2", "", { "os": "win32", "cpu": "ia32" }, "sha512-Iuws0kxo4yusk7sw70Xa2E2imZU5HoixzxfGCdxwBdhiDgt9vX9VUCBhqcwY7/uh//78A1hMkkROMJq9l27oLQ=="],

    "@esbuild/win32-x64": ["@esbuild/win32-x64@0.27.2", "", { "os": "win32", "cpu": "x64" }, "sha512-sRdU18mcKf7F+YgheI/zGf5alZatMUTKj/jNS6l744f9u3WFu4v7twcUI9vu4mknF4Y9aDlblIie0IM+5xxaqQ=="],

    "@happy-dom/global-registrator": ["@happy-dom/global-registrator@20.0.11", "", { "dependencies": { "@types/node": "^20.0.0", "happy-dom": "^20.0.11" } }, "sha512-GqNqiShBT/lzkHTMC/slKBrvN0DsD4Di8ssBk4aDaVgEn+2WMzE6DXxq701ndSXj7/0cJ8mNT71pM7Bnrr6JRw=="],

    "@isaacs/cliui": ["@isaacs/cliui@8.0.2", "", { "dependencies": { "string-width": "^5.1.2", "string-width-cjs": "npm:string-width@^4.2.0", "strip-ansi": "^7.0.1", "strip-ansi-cjs": "npm:strip-ansi@^6.0.1", "wrap-ansi": "^8.1.0", "wrap-ansi-cjs": "npm:wrap-ansi@^7.0.0" } }, ""],

    "@isaacs/fs-minipass": ["@isaacs/fs-minipass@4.0.1", "", { "dependencies": { "minipass": "^7.0.4" } }, ""],

    "@mapbox/node-pre-gyp": ["@mapbox/node-pre-gyp@2.0.0", "", { "dependencies": { "consola": "^3.2.3", "detect-libc": "^2.0.0", "https-proxy-agent": "^7.0.5", "node-fetch": "^2.6.7", "nopt": "^8.0.0", "semver": "^7.5.3", "tar": "^7.4.0" }, "bin": { "node-pre-gyp": "bin/node-pre-gyp" } }, ""],

    "@nodelib/fs.scandir": ["@nodelib/fs.scandir@2.1.5", "", { "dependencies": { "@nodelib/fs.stat": "2.0.5", "run-parallel": "^1.1.9" } }, ""],

    "@nodelib/fs.stat": ["@nodelib/fs.stat@2.0.5", "", {}, ""],

    "@nodelib/fs.walk": ["@nodelib/fs.walk@1.2.8", "", { "dependencies": { "@nodelib/fs.scandir": "2.1.5", "fastq": "^1.6.0" } }, ""],

    "@pkgjs/parseargs": ["@pkgjs/parseargs@0.11.0", "", {}, ""],

    "@rollup/pluginutils": ["@rollup/pluginutils@5.1.4", "", { "dependencies": { "@types/estree": "^1.0.0", "estree-walker": "^2.0.2", "picomatch": "^4.0.2" }, "peerDependencies": { "rollup": "^1.20.0||^2.0.0||^3.0.0||^4.0.0" }, "optionalPeers": ["rollup"] }, ""],

    "@sindresorhus/merge-streams": ["@sindresorhus/merge-streams@2.3.0", "", {}, ""],

    "@sinonjs/commons": ["@sinonjs/commons@3.0.1", "", { "dependencies": { "type-detect": "4.0.8" } }, "sha512-K3mCHKQ9sVh8o1C9cxkwxaOmXoAMlDxC1mYyHrjqOWEcBjYr76t96zL2zlj5dUGZ3HSw240X1qgH3Mjf1yJWpQ=="],

    "@sinonjs/fake-timers": ["@sinonjs/fake-timers@15.1.0", "", { "dependencies": { "@sinonjs/commons": "^3.0.1" } }, "sha512-cqfapCxwTGsrR80FEgOoPsTonoefMBY7dnUEbQ+GRcved0jvkJLzvX6F4WtN+HBqbPX/SiFsIRUp+IrCW/2I2w=="],

    "@sinonjs/samsam": ["@sinonjs/samsam@8.0.3", "", { "dependencies": { "@sinonjs/commons": "^3.0.1", "type-detect": "^4.1.0" } }, "sha512-hw6HbX+GyVZzmaYNh82Ecj1vdGZrqVIn/keDTg63IgAwiQPO+xCz99uG6Woqgb4tM0mUiFENKZ4cqd7IX94AXQ=="],

    "@size-limit/esbuild": ["@size-limit/esbuild@12.0.0", "", { "dependencies": { "esbuild": "^0.27.0", "nanoid": "^5.1.6" }, "peerDependencies": { "size-limit": "12.0.0" } }, "sha512-r9i+HrtunIu7wAPtqD3t4DqfYin3kxPoMAv8cidkzlCS69IYCe3EG2UbQa10AdvQyaHTEK+MPkr9ifUd3W29og=="],

    "@size-limit/file": ["@size-limit/file@12.0.0", "", { "peerDependencies": { "size-limit": "12.0.0" } }, "sha512-OzKYpDzWJ2jo6cAIzVsaPuvzZTmMLDoVCViEvsctmImxpXzwJZcuBEpPohFKKdgVdZuNTU8WstmvywPq55Njdw=="],

    "@size-limit/preset-small-lib": ["@size-limit/preset-small-lib@12.0.0", "", { "dependencies": { "@size-limit/esbuild": "12.0.0", "@size-limit/file": "12.0.0", "size-limit": "12.0.0" } }, "sha512-HHHVQjZmj+8vg7qsHs1dd3Hmn8ygUsE5O2CfxnbCbHOGyUw7VodZGERh/+5ogVrF2DYza/DIo2PnCJZZETdTRA=="],

    "@swc/core": ["@swc/core@1.15.8", "", { "dependencies": { "@swc/counter": "^0.1.3", "@swc/types": "^0.1.25" }, "optionalDependencies": { "@swc/core-darwin-arm64": "1.15.8", "@swc/core-darwin-x64": "1.15.8", "@swc/core-linux-arm-gnueabihf": "1.15.8", "@swc/core-linux-arm64-gnu": "1.15.8", "@swc/core-linux-arm64-musl": "1.15.8", "@swc/core-linux-x64-gnu": "1.15.8", "@swc/core-linux-x64-musl": "1.15.8", "@swc/core-win32-arm64-msvc": "1.15.8", "@swc/core-win32-ia32-msvc": "1.15.8", "@swc/core-win32-x64-msvc": "1.15.8" }, "peerDependencies": { "@swc/helpers": ">=0.5.17" }, "optionalPeers": ["@swc/helpers"] }, "sha512-T8keoJjXaSUoVBCIjgL6wAnhADIb09GOELzKg10CjNg+vLX48P93SME6jTfte9MZIm5m+Il57H3rTSk/0kzDUw=="],

    "@swc/core-darwin-arm64": ["@swc/core-darwin-arm64@1.15.8", "", { "os": "darwin", "cpu": "arm64" }, "sha512-M9cK5GwyWWRkRGwwCbREuj6r8jKdES/haCZ3Xckgkl8MUQJZA3XB7IXXK1IXRNeLjg6m7cnoMICpXv1v1hlJOg=="],

    "@swc/core-darwin-x64": ["@swc/core-darwin-x64@1.15.8", "", { "os": "darwin", "cpu": "x64" }, "sha512-j47DasuOvXl80sKJHSi2X25l44CMc3VDhlJwA7oewC1nV1VsSzwX+KOwE5tLnfORvVJJyeiXgJORNYg4jeIjYQ=="],

    "@swc/core-linux-arm-gnueabihf": ["@swc/core-linux-arm-gnueabihf@1.15.8", "", { "os": "linux", "cpu": "arm" }, "sha512-siAzDENu2rUbwr9+fayWa26r5A9fol1iORG53HWxQL1J8ym4k7xt9eME0dMPXlYZDytK5r9sW8zEA10F2U3Xwg=="],

    "@swc/core-linux-arm64-gnu": ["@swc/core-linux-arm64-gnu@1.15.8", "", { "os": "linux", "cpu": "arm64" }, "sha512-o+1y5u6k2FfPYbTRUPvurwzNt5qd0NTumCTFscCNuBksycloXY16J8L+SMW5QRX59n4Hp9EmFa3vpvNHRVv1+Q=="],

    "@swc/core-linux-arm64-musl": ["@swc/core-linux-arm64-musl@1.15.8", "", { "os": "linux", "cpu": "arm64" }, "sha512-koiCqL09EwOP1S2RShCI7NbsQuG6r2brTqUYE7pV7kZm9O17wZ0LSz22m6gVibpwEnw8jI3IE1yYsQTVpluALw=="],

    "@swc/core-linux-x64-gnu": ["@swc/core-linux-x64-gnu@1.15.8", "", { "os": "linux", "cpu": "x64" }, "sha512-4p6lOMU3bC+Vd5ARtKJ/FxpIC5G8v3XLoPEZ5s7mLR8h7411HWC/LmTXDHcrSXRC55zvAVia1eldy6zDLz8iFQ=="],

    "@swc/core-linux-x64-musl": ["@swc/core-linux-x64-musl@1.15.8", "", { "os": "linux", "cpu": "x64" }, "sha512-z3XBnbrZAL+6xDGAhJoN4lOueIxC/8rGrJ9tg+fEaeqLEuAtHSW2QHDHxDwkxZMjuF/pZ6MUTjHjbp8wLbuRLA=="],

    "@swc/core-win32-arm64-msvc": ["@swc/core-win32-arm64-msvc@1.15.8", "", { "os": "win32", "cpu": "arm64" }, "sha512-djQPJ9Rh9vP8GTS/Df3hcc6XP6xnG5c8qsngWId/BLA9oX6C7UzCPAn74BG/wGb9a6j4w3RINuoaieJB3t+7iQ=="],

    "@swc/core-win32-ia32-msvc": ["@swc/core-win32-ia32-msvc@1.15.8", "", { "os": "win32", "cpu": "ia32" }, "sha512-/wfAgxORg2VBaUoFdytcVBVCgf1isWZIEXB9MZEUty4wwK93M/PxAkjifOho9RN3WrM3inPLabICRCEgdHpKKQ=="],

    "@swc/core-win32-x64-msvc": ["@swc/core-win32-x64-msvc@1.15.8", "", { "os": "win32", "cpu": "x64" }, "sha512-GpMePrh9Sl4d61o4KAHOOv5is5+zt6BEXCOCgs/H0FLGeii7j9bWDE8ExvKFy2GRRZVNR1ugsnzaGWHKM6kuzA=="],

    "@swc/counter": ["@swc/counter@0.1.3", "", {}, "sha512-e2BR4lsJkkRlKZ/qCHPw9ZaSxc0MVUd7gtbtaB7aMvHeJVYe8sOB8DBZkP2DtISHGSku9sCK6T6cnY0CtXrOCQ=="],

    "@swc/types": ["@swc/types@0.1.25", "", { "dependencies": { "@swc/counter": "^0.1.3" } }, "sha512-iAoY/qRhNH8a/hBvm3zKj9qQ4oc2+3w1unPJa2XvTK3XjeLXtzcCingVPw/9e5mn1+0yPqxcBGp9Jf0pkfMb1g=="],

    "@types/estree": ["@types/estree@1.0.6", "", {}, ""],

    "@types/node": ["@types/node@20.19.13", "", { "dependencies": { "undici-types": "~6.21.0" } }, "sha512-yCAeZl7a0DxgNVteXFHt9+uyFbqXGy/ShC4BlcHkoE0AfGXYv/BUiplV72DjMYXHDBXFjhvr6DD1NiRVfB4j8g=="],

    "@types/whatwg-mimetype": ["@types/whatwg-mimetype@3.0.2", "", {}, "sha512-c2AKvDT8ToxLIOUlN51gTiHXflsfIFisS4pO7pDPoKouJCESkhZnEy623gwP9laCy5lnLDAw1vAzu2vM2YLOrA=="],

    "@vercel/nft": ["@vercel/nft@0.29.4", "", { "dependencies": { "@mapbox/node-pre-gyp": "^2.0.0", "@rollup/pluginutils": "^5.1.3", "acorn": "^8.6.0", "acorn-import-attributes": "^1.9.5", "async-sema": "^3.1.1", "bindings": "^1.4.0", "estree-walker": "2.0.2", "glob": "^10.4.5", "graceful-fs": "^4.2.9", "node-gyp-build": "^4.2.2", "picomatch": "^4.0.2", "resolve-from": "^5.0.0" }, "bin": { "nft": "out/cli.js" } }, ""],

    "abbrev": ["abbrev@3.0.0", "", {}, ""],

    "acorn": ["acorn@8.15.0", "", { "bin": { "acorn": "bin/acorn" } }, "sha512-NZyJarBfL7nWwIq+FDL6Zp/yHEhePMNnnJ0y3qfieCrmNvYct8uvtiV41UvlSe6apAfk0fY1FbWx+NwfmpvtTg=="],

    "acorn-import-attributes": ["acorn-import-attributes@1.9.5", "", { "peerDependencies": { "acorn": "^8" } }, ""],

    "acorn-walk": ["acorn-walk@8.3.4", "", { "dependencies": { "acorn": "^8.11.0" } }, ""],

    "agent-base": ["agent-base@7.1.3", "", {}, ""],

    "ansi-regex": ["ansi-regex@6.1.0", "", {}, ""],

    "ansi-styles": ["ansi-styles@6.2.1", "", {}, ""],

    "argparse": ["argparse@1.0.10", "", { "dependencies": { "sprintf-js": "~1.0.2" } }, ""],

    "array-find-index": ["array-find-index@1.0.2", "", {}, ""],

    "arrgv": ["arrgv@1.0.2", "", {}, ""],

    "arrify": ["arrify@3.0.0", "", {}, ""],

    "async": ["async@3.2.6", "", {}, "sha512-htCUDlxyyCLMgaM3xXg0C0LW2xqfuQ6p05pCEIsXuyQ+a1koYKTuBMzRNwmybfLgvJDMd0r1LTn4+E0Ti6C2AA=="],

    "async-sema": ["async-sema@3.1.1", "", {}, ""],

    "ava": ["ava@6.4.1", "", { "dependencies": { "@vercel/nft": "^0.29.4", "acorn": "^8.15.0", "acorn-walk": "^8.3.4", "ansi-styles": "^6.2.1", "arrgv": "^1.0.2", "arrify": "^3.0.0", "callsites": "^4.2.0", "cbor": "^10.0.9", "chalk": "^5.4.1", "chunkd": "^2.0.1", "ci-info": "^4.3.0", "ci-parallel-vars": "^1.0.1", "cli-truncate": "^4.0.0", "code-excerpt": "^4.0.0", "common-path-prefix": "^3.0.0", "concordance": "^5.0.4", "currently-unhandled": "^0.4.1", "debug": "^4.4.1", "emittery": "^1.2.0", "figures": "^6.1.0", "globby": "^14.1.0", "ignore-by-default": "^2.1.0", "indent-string": "^5.0.0", "is-plain-object": "^5.0.0", "is-promise": "^4.0.0", "matcher": "^5.0.0", "memoize": "^10.1.0", "ms": "^2.1.3", "p-map": "^7.0.3", "package-config": "^5.0.0", "picomatch": "^4.0.2", "plur": "^5.1.0", "pretty-ms": "^9.2.0", "resolve-cwd": "^3.0.0", "stack-utils": "^2.0.6", "strip-ansi": "^7.1.0", "supertap": "^3.0.1", "temp-dir": "^3.0.0", "write-file-atomic": "^6.0.0", "yargs": "^17.7.2" }, "peerDependencies": { "@ava/typescript": "*" }, "optionalPeers": ["@ava/typescript"], "bin": { "ava": "entrypoints/cli.mjs" } }, "sha512-vxmPbi1gZx9zhAjHBgw81w/iEDKcrokeRk/fqDTyA2DQygZ0o+dUGRHFOtX8RA5N0heGJTTsIk7+xYxitDb61Q=="],

    "balanced-match": ["balanced-match@1.0.2", "", {}, ""],

    "bindings": ["bindings@1.5.0", "", { "dependencies": { "file-uri-to-path": "1.0.0" } }, ""],

    "blueimp-md5": ["blueimp-md5@2.19.0", "", {}, ""],

    "brace-expansion": ["brace-expansion@2.0.1", "", { "dependencies": { "balanced-match": "^1.0.0" } }, ""],

    "braces": ["braces@3.0.3", "", { "dependencies": { "fill-range": "^7.1.1" } }, ""],

    "bytes-iec": ["bytes-iec@3.1.1", "", {}, "sha512-fey6+4jDK7TFtFg/klGSvNKJctyU7n2aQdnM+CO0ruLPbqqMOM8Tio0Pc+deqUeVKX1tL5DQep1zQ7+37aTAsA=="],

    "callsites": ["callsites@4.2.0", "", {}, ""],

    "cbor": ["cbor@10.0.9", "", { "dependencies": { "nofilter": "^3.0.2" } }, "sha512-KEWYehb/vJkRmigctVQLsz73Us2RNnITo/wOwQV5AtZpLGH1r2PPlsNHdsX460YuHZCyhLklbYzAOuJfOeg34Q=="],

    "chalk": ["chalk@5.4.1", "", {}, ""],

    "chownr": ["chownr@3.0.0", "", {}, ""],

    "chunkd": ["chunkd@2.0.1", "", {}, ""],

    "ci-info": ["ci-info@4.3.0", "", {}, "sha512-l+2bNRMiQgcfILUi33labAZYIWlH1kWDp+ecNo5iisRKrbm0xcRyCww71/YU0Fkw0mAFpz9bJayXPjey6vkmaQ=="],

    "ci-parallel-vars": ["ci-parallel-vars@1.0.1", "", {}, ""],

    "cli-truncate": ["cli-truncate@4.0.0", "", { "dependencies": { "slice-ansi": "^5.0.0", "string-width": "^7.0.0" } }, ""],

    "cliui": ["cliui@8.0.1", "", { "dependencies": { "string-width": "^4.2.0", "strip-ansi": "^6.0.1", "wrap-ansi": "^7.0.0" } }, ""],

    "code-excerpt": ["code-excerpt@4.0.0", "", { "dependencies": { "convert-to-spaces": "^2.0.1" } }, ""],

    "color-convert": ["color-convert@2.0.1", "", { "dependencies": { "color-name": "~1.1.4" } }, ""],

    "color-name": ["color-name@1.1.4", "", {}, ""],

    "commander": ["commander@7.2.0", "", {}, "sha512-QrWXB+ZQSVPmIWIhtEO9H+gwHaMGYiF5ChvoJ+K9ZGHG/sVsa6yiesAD1GC/x46sET00Xlwo1u49RVVVzvcSkw=="],

    "common-path-prefix": ["common-path-prefix@3.0.0", "", {}, ""],

    "concat-map": ["concat-map@0.0.1", "", {}, "sha512-/Srv4dswyQNBfohGpz9o6Yb3Gz3SrUDqBH5rTuhGR7ahtlbYKnVxw2bCFMRljaA7EXHaXZ8wsHdodFvbkhKmqg=="],

    "concordance": ["concordance@5.0.4", "", { "dependencies": { "date-time": "^3.1.0", "esutils": "^2.0.3", "fast-diff": "^1.2.0", "js-string-escape": "^1.0.1", "lodash": "^4.17.15", "md5-hex": "^3.0.1", "semver": "^7.3.2", "well-known-symbols": "^2.0.0" } }, ""],

    "consola": ["consola@3.4.0", "", {}, ""],

    "convert-to-spaces": ["convert-to-spaces@2.0.1", "", {}, ""],

    "cross-spawn": ["cross-spawn@7.0.6", "", { "dependencies": { "path-key": "^3.1.0", "shebang-command": "^2.0.0", "which": "^2.0.1" } }, ""],

    "currently-unhandled": ["currently-unhandled@0.4.1", "", { "dependencies": { "array-find-index": "^1.0.1" } }, ""],

    "date-time": ["date-time@3.1.0", "", { "dependencies": { "time-zone": "^1.0.0" } }, ""],

    "debug": ["debug@4.4.1", "", { "dependencies": { "ms": "^2.1.3" } }, ""],

    "detect-libc": ["detect-libc@2.0.3", "", {}, ""],

    "diff": ["diff@8.0.2", "", {}, "sha512-sSuxWU5j5SR9QQji/o2qMvqRNYRDOcBTgsJ/DeCf4iSN4gW+gNMXM7wFIP+fdXZxoNiAnHUTGjCr+TSWXdRDKg=="],

    "duplexer": ["duplexer@0.1.2", "", {}, ""],

    "duplexer3": ["duplexer3@1.0.0", "", {}, "sha512-6O5ndCyJ9CGF9cR2Yi3VFq1OvXXLEgX848InIOl8xUBPYwb8jn/93j10lGaZyLnMRa71IT5OHhURlOiVjH9OVg=="],

    "eastasianwidth": ["eastasianwidth@0.2.0", "", {}, ""],

    "ejs": ["ejs@3.1.10", "", { "dependencies": { "jake": "^10.8.5" }, "bin": { "ejs": "bin/cli.js" } }, "sha512-UeJmFfOrAQS8OJWPZ4qtgHyWExa088/MtK5UEyoJGFH67cDEXkZSviOiKRCZ4Xij0zxI3JECgYs3oKx+AizQBA=="],

    "emittery": ["emittery@1.2.0", "", {}, "sha512-KxdRyyFcS85pH3dnU8Y5yFUm2YJdaHwcBZWrfG8o89ZY9a13/f9itbN+YG3ELbBo9Pg5zvIozstmuV8bX13q6g=="],

    "emoji-regex": ["emoji-regex@10.4.0", "", {}, ""],

    "esbuild": ["esbuild@0.27.2", "", { "optionalDependencies": { "@esbuild/aix-ppc64": "0.27.2", "@esbuild/android-arm": "0.27.2", "@esbuild/android-arm64": "0.27.2", "@esbuild/android-x64": "0.27.2", "@esbuild/darwin-arm64": "0.27.2", "@esbuild/darwin-x64": "0.27.2", "@esbuild/freebsd-arm64": "0.27.2", "@esbuild/freebsd-x64": "0.27.2", "@esbuild/linux-arm": "0.27.2", "@esbuild/linux-arm64": "0.27.2", "@esbuild/linux-ia32": "0.27.2", "@esbuild/linux-loong64": "0.27.2", "@esbuild/linux-mips64el": "0.27.2", "@esbuild/linux-ppc64": "0.27.2", "@esbuild/linux-riscv64": "0.27.2", "@esbuild/linux-s390x": "0.27.2", "@esbuild/linux-x64": "0.27.2", "@esbuild/netbsd-arm64": "0.27.2", "@esbuild/netbsd-x64": "0.27.2", "@esbuild/openbsd-arm64": "0.27.2", "@esbuild/openbsd-x64": "0.27.2", "@esbuild/openharmony-arm64": "0.27.2", "@esbuild/sunos-x64": "0.27.2", "@esbuild/win32-arm64": "0.27.2", "@esbuild/win32-ia32": "0.27.2", "@esbuild/win32-x64": "0.27.2" }, "bin": { "esbuild": "bin/esbuild" } }, "sha512-HyNQImnsOC7X9PMNaCIeAm4ISCQXs5a5YasTXVliKv4uuBo1dKrG0A+uQS8M5eXjVMnLg3WgXaKvprHlFJQffw=="],

    "escalade": ["escalade@3.2.0", "", {}, ""],

    "escape-string-regexp": ["escape-string-regexp@5.0.0", "", {}, ""],

    "esprima": ["esprima@4.0.1", "", { "bin": { "esparse": "bin/esparse.js", "esvalidate": "bin/esvalidate.js" } }, ""],

    "estree-walker": ["estree-walker@2.0.2", "", {}, ""],

    "esutils": ["esutils@2.0.3", "", {}, ""],

    "events-to-array": ["events-to-array@2.0.3", "", {}, "sha512-f/qE2gImHRa4Cp2y1stEOSgw8wTFyUdVJX7G//bMwbaV9JqISFxg99NbmVQeP7YLnDUZ2un851jlaDrlpmGehQ=="],

    "fast-diff": ["fast-diff@1.3.0", "", {}, ""],

    "fast-glob": ["fast-glob@3.3.3", "", { "dependencies": { "@nodelib/fs.stat": "^2.0.2", "@nodelib/fs.walk": "^1.2.3", "glob-parent": "^5.1.2", "merge2": "^1.3.0", "micromatch": "^4.0.8" } }, ""],

    "fastq": ["fastq@1.19.0", "", { "dependencies": { "reusify": "^1.0.4" } }, ""],

    "fdir": ["fdir@6.5.0", "", { "peerDependencies": { "picomatch": "^3 || ^4" }, "optionalPeers": ["picomatch"] }, "sha512-tIbYtZbucOs0BRGqPJkshJUYdL+SDH7dVM8gjy+ERp3WAUjLEFJE+02kanyHtwjWOnwrKYBiwAmM0p4kLJAnXg=="],

    "figures": ["figures@6.1.0", "", { "dependencies": { "is-unicode-supported": "^2.0.0" } }, ""],

    "file-uri-to-path": ["file-uri-to-path@1.0.0", "", {}, ""],

    "filelist": ["filelist@1.0.4", "", { "dependencies": { "minimatch": "^5.0.1" } }, "sha512-w1cEuf3S+DrLCQL7ET6kz+gmlJdbq9J7yXCSjK/OZCPA+qEN1WyF4ZAf0YYJa4/shHJra2t/d/r8SV4Ji+x+8Q=="],

    "fill-range": ["fill-range@7.1.1", "", { "dependencies": { "to-regex-range": "^5.0.1" } }, ""],

    "find-package": ["find-package@1.0.0", "", { "dependencies": { "parents": "^1.0.1" } }, "sha512-yVn71XCCaNgxz58ERTl8nA/8YYtIQDY9mHSrgFBfiFtdNNfY0h183Vh8BRkKxD8x9TUw3ec290uJKhDVxqGZBw=="],

    "find-up-simple": ["find-up-simple@1.0.0", "", {}, ""],

    "foreground-child": ["foreground-child@3.3.0", "", { "dependencies": { "cross-spawn": "^7.0.0", "signal-exit": "^4.0.1" } }, ""],

    "genversion": ["genversion@3.2.0", "", { "dependencies": { "commander": "^7.2.0", "ejs": "^3.1.9", "find-package": "^1.0.0" }, "bin": { "genversion": "bin/genversion.js" } }, "sha512-OIYSX6XYA8PHecLDCTri30hadSZfAjZ8Iq1+BBDXqLWP4dRLuJNLoNjsSWtTpw97IccK2LDWzkEstxAB8GdN7g=="],

    "get-caller-file": ["get-caller-file@2.0.5", "", {}, ""],

    "get-east-asian-width": ["get-east-asian-width@1.3.0", "", {}, ""],

    "glob": ["glob@10.4.5", "", { "dependencies": { "foreground-child": "^3.1.0", "jackspeak": "^3.1.2", "minimatch": "^9.0.4", "minipass": "^7.1.2", "package-json-from-dist": "^1.0.0", "path-scurry": "^1.11.1" }, "bin": "dist/esm/bin.mjs" }, ""],

    "glob-parent": ["glob-parent@5.1.2", "", { "dependencies": { "is-glob": "^4.0.1" } }, ""],

    "globby": ["globby@14.1.0", "", { "dependencies": { "@sindresorhus/merge-streams": "^2.1.0", "fast-glob": "^3.3.3", "ignore": "^7.0.3", "path-type": "^6.0.0", "slash": "^5.1.0", "unicorn-magic": "^0.3.0" } }, ""],

    "graceful-fs": ["graceful-fs@4.2.11", "", {}, ""],

    "gzip-size": ["gzip-size@7.0.0", "", { "dependencies": { "duplexer": "^0.1.2" } }, ""],

    "happy-dom": ["happy-dom@20.0.11", "", { "dependencies": { "@types/node": "^20.0.0", "@types/whatwg-mimetype": "^3.0.2", "whatwg-mimetype": "^3.0.0" } }, "sha512-QsCdAUHAmiDeKeaNojb1OHOPF7NjcWPBR7obdu3NwH2a/oyQaLg5d0aaCy/9My6CdPChYF07dvz5chaXBGaD4g=="],

    "has-flag": ["has-flag@4.0.0", "", {}, "sha512-EykJT/Q1KjTWctppgIAgfSO0tKVuZUjhgMr17kqTumMl6Afv3EISleU7qZUzoXDFTAHTDC4NOoG/ZxU3EvlMPQ=="],

    "hirestime": ["hirestime@7.0.4", "", {}, "sha512-+MBUB+eJCfsLnl/DOeQTUi/GgS+Ottk5/pR6pDN7HJNOkMOHMMmmvNmQhes1zevzVi6xiulsY8ZnPrDZEcXXxg=="],

    "https-proxy-agent": ["https-proxy-agent@7.0.6", "", { "dependencies": { "agent-base": "^7.1.2", "debug": "4" } }, ""],

    "ignore": ["ignore@7.0.4", "", {}, ""],

    "ignore-by-default": ["ignore-by-default@2.1.0", "", {}, ""],

    "imurmurhash": ["imurmurhash@0.1.4", "", {}, ""],

    "indent-string": ["indent-string@5.0.0", "", {}, ""],

    "irregular-plurals": ["irregular-plurals@3.5.0", "", {}, ""],

    "is-extglob": ["is-extglob@2.1.1", "", {}, ""],

    "is-fullwidth-code-point": ["is-fullwidth-code-point@4.0.0", "", {}, ""],

    "is-glob": ["is-glob@4.0.3", "", { "dependencies": { "is-extglob": "^2.1.1" } }, ""],

    "is-number": ["is-number@7.0.0", "", {}, ""],

    "is-plain-object": ["is-plain-object@5.0.0", "", {}, ""],

    "is-promise": ["is-promise@4.0.0", "", {}, ""],

    "is-unicode-supported": ["is-unicode-supported@2.1.0", "", {}, ""],

    "isexe": ["isexe@2.0.0", "", {}, ""],

    "jackspeak": ["jackspeak@3.4.3", "", { "dependencies": { "@isaacs/cliui": "^8.0.2" }, "optionalDependencies": { "@pkgjs/parseargs": "^0.11.0" } }, ""],

    "jake": ["jake@10.9.2", "", { "dependencies": { "async": "^3.2.3", "chalk": "^4.0.2", "filelist": "^1.0.4", "minimatch": "^3.1.2" }, "bin": { "jake": "bin/cli.js" } }, "sha512-2P4SQ0HrLQ+fw6llpLnOaGAvN2Zu6778SJMrCUwns4fOoG9ayrTiZk3VV8sCPkVZF8ab0zksVpS8FDY5pRCNBA=="],

    "js-string-escape": ["js-string-escape@1.0.1", "", {}, ""],

    "js-yaml": ["js-yaml@3.14.1", "", { "dependencies": { "argparse": "^1.0.7", "esprima": "^4.0.0" }, "bin": "bin/js-yaml.js" }, ""],

    "lilconfig": ["lilconfig@3.1.3", "", {}, "sha512-/vlFKAoH5Cgt3Ie+JLhRbwOsCQePABiU3tJ1egGvyQ+33R/vcwM2Zl2QR/LzjsBeItPt3oSVXapn+m4nQDvpzw=="],

    "load-json-file": ["load-json-file@7.0.1", "", {}, ""],

    "lodash": ["lodash@4.17.21", "", {}, ""],

    "lru-cache": ["lru-cache@10.4.3", "", {}, ""],

    "matcher": ["matcher@5.0.0", "", { "dependencies": { "escape-string-regexp": "^5.0.0" } }, ""],

    "md5-hex": ["md5-hex@3.0.1", "", { "dependencies": { "blueimp-md5": "^2.10.0" } }, ""],

    "memoize": ["memoize@10.1.0", "", { "dependencies": { "mimic-function": "^5.0.1" } }, ""],

    "merge2": ["merge2@1.4.1", "", {}, ""],

    "micromatch": ["micromatch@4.0.8", "", { "dependencies": { "braces": "^3.0.3", "picomatch": "^2.3.1" } }, ""],

    "mimic-function": ["mimic-function@5.0.1", "", {}, ""],

    "minimatch": ["minimatch@9.0.5", "", { "dependencies": { "brace-expansion": "^2.0.1" } }, ""],

    "minipass": ["minipass@7.1.2", "", {}, ""],

    "minizlib": ["minizlib@3.0.1", "", { "dependencies": { "minipass": "^7.0.4", "rimraf": "^5.0.5" } }, ""],

    "mkdirp": ["mkdirp@3.0.1", "", { "bin": "dist/cjs/src/bin.js" }, ""],

    "ms": ["ms@2.1.3", "", {}, ""],

    "nanoid": ["nanoid@5.1.6", "", { "bin": { "nanoid": "bin/nanoid.js" } }, "sha512-c7+7RQ+dMB5dPwwCp4ee1/iV/q2P6aK1mTZcfr1BTuVlyW9hJYiMPybJCcnBlQtuSmTIWNeazm/zqNoZSSElBg=="],

    "nanospinner": ["nanospinner@1.2.2", "", { "dependencies": { "picocolors": "^1.1.1" } }, "sha512-Zt/AmG6qRU3e+WnzGGLuMCEAO/dAu45stNbHY223tUxldaDAeE+FxSPsd9Q+j+paejmm0ZbrNVs5Sraqy3dRxA=="],

    "node-fetch": ["node-fetch@2.7.0", "", { "dependencies": { "whatwg-url": "^5.0.0" }, "peerDependencies": { "encoding": "^0.1.0" }, "optionalPeers": ["encoding"] }, ""],

    "node-gyp-build": ["node-gyp-build@4.8.4", "", { "bin": { "node-gyp-build": "bin.js", "node-gyp-build-optional": "optional.js", "node-gyp-build-test": "build-test.js" } }, ""],

    "nofilter": ["nofilter@3.1.0", "", {}, ""],

    "nopt": ["nopt@8.1.0", "", { "dependencies": { "abbrev": "^3.0.0" }, "bin": "bin/nopt.js" }, ""],

    "p-map": ["p-map@7.0.3", "", {}, ""],

    "package-config": ["package-config@5.0.0", "", { "dependencies": { "find-up-simple": "^1.0.0", "load-json-file": "^7.0.1" } }, ""],

    "package-json-from-dist": ["package-json-from-dist@1.0.1", "", {}, ""],

    "parents": ["parents@1.0.1", "", { "dependencies": { "path-platform": "~0.11.15" } }, "sha512-mXKF3xkoUt5td2DoxpLmtOmZvko9VfFpwRwkKDHSNvgmpLAeBo18YDhcPbBzJq+QLCHMbGOfzia2cX4U+0v9Mg=="],

    "parse-ms": ["parse-ms@4.0.0", "", {}, ""],

    "path-key": ["path-key@3.1.1", "", {}, ""],

    "path-platform": ["path-platform@0.11.15", "", {}, "sha512-Y30dB6rab1A/nfEKsZxmr01nUotHX0c/ZiIAsCTatEe1CmS5Pm5He7fZ195bPT7RdquoaL8lLxFCMQi/bS7IJg=="],

    "path-scurry": ["path-scurry@1.11.1", "", { "dependencies": { "lru-cache": "^10.2.0", "minipass": "^5.0.0 || ^6.0.2 || ^7.0.0" } }, ""],

    "path-type": ["path-type@6.0.0", "", {}, ""],

    "picocolors": ["picocolors@1.1.1", "", {}, "sha512-xceH2snhtb5M9liqDsmEw56le376mTZkEX/jEb/RxNFyegNul7eNslCXP9FDj/Lcu0X8KEyMceP2ntpaHrDEVA=="],

    "picomatch": ["picomatch@4.0.2", "", {}, ""],

    "plur": ["plur@5.1.0", "", { "dependencies": { "irregular-plurals": "^3.3.0" } }, ""],

    "prettier": ["prettier@3.7.4", "", { "bin": { "prettier": "bin/prettier.cjs" } }, "sha512-v6UNi1+3hSlVvv8fSaoUbggEM5VErKmmpGA7Pl3HF8V6uKY7rvClBOJlH6yNwQtfTueNkGVpOv/mtWL9L4bgRA=="],

    "pretty-ms": ["pretty-ms@9.2.0", "", { "dependencies": { "parse-ms": "^4.0.0" } }, ""],

    "queue-microtask": ["queue-microtask@1.2.3", "", {}, ""],

    "require-directory": ["require-directory@2.1.1", "", {}, ""],

    "resolve-cwd": ["resolve-cwd@3.0.0", "", { "dependencies": { "resolve-from": "^5.0.0" } }, ""],

    "resolve-from": ["resolve-from@5.0.0", "", {}, ""],

    "reusify": ["reusify@1.0.4", "", {}, ""],

    "rimraf": ["rimraf@5.0.10", "", { "dependencies": { "glob": "^10.3.7" }, "bin": "dist/esm/bin.mjs" }, ""],

    "run-parallel": ["run-parallel@1.2.0", "", { "dependencies": { "queue-microtask": "^1.2.2" } }, ""],

    "semver": ["semver@7.7.1", "", { "bin": "bin/semver.js" }, ""],

    "serialize-error": ["serialize-error@7.0.1", "", { "dependencies": { "type-fest": "^0.13.1" } }, ""],

    "shebang-command": ["shebang-command@2.0.0", "", { "dependencies": { "shebang-regex": "^3.0.0" } }, ""],

    "shebang-regex": ["shebang-regex@3.0.0", "", {}, ""],

    "signal-exit": ["signal-exit@4.1.0", "", {}, ""],

    "sinon": ["sinon@21.0.1", "", { "dependencies": { "@sinonjs/commons": "^3.0.1", "@sinonjs/fake-timers": "^15.1.0", "@sinonjs/samsam": "^8.0.3", "diff": "^8.0.2", "supports-color": "^7.2.0" } }, "sha512-Z0NVCW45W8Mg5oC/27/+fCqIHFnW8kpkFOq0j9XJIev4Ld0mKmERaZv5DMLAb9fGCevjKwaEeIQz5+MBXfZcDw=="],

    "size-limit": ["size-limit@12.0.0", "", { "dependencies": { "bytes-iec": "^3.1.1", "lilconfig": "^3.1.3", "nanospinner": "^1.2.2", "picocolors": "^1.1.1", "tinyglobby": "^0.2.15" }, "peerDependencies": { "jiti": "^2.0.0" }, "optionalPeers": ["jiti"], "bin": { "size-limit": "bin.js" } }, "sha512-JBG8dioIs0m2kHOhs9jD6E/tZKD08vmbf2bfqj/rJyNWqJxk/ZcakixjhYtsqdbi+AKVbfPkt3g2RRZiKaizYA=="],

    "slash": ["slash@5.1.0", "", {}, ""],

    "slice-ansi": ["slice-ansi@5.0.0", "", { "dependencies": { "ansi-styles": "^6.0.0", "is-fullwidth-code-point": "^4.0.0" } }, ""],

    "sprintf-js": ["sprintf-js@1.0.3", "", {}, ""],

    "stack-utils": ["stack-utils@2.0.6", "", { "dependencies": { "escape-string-regexp": "^2.0.0" } }, ""],

    "string-width": ["string-width@7.2.0", "", { "dependencies": { "emoji-regex": "^10.3.0", "get-east-asian-width": "^1.0.0", "strip-ansi": "^7.1.0" } }, ""],

    "string-width-cjs": ["string-width@4.2.3", "", { "dependencies": { "emoji-regex": "^8.0.0", "is-fullwidth-code-point": "^3.0.0", "strip-ansi": "^6.0.1" } }, ""],

    "strip-ansi": ["strip-ansi@7.1.0", "", { "dependencies": { "ansi-regex": "^6.0.1" } }, ""],

    "strip-ansi-cjs": ["strip-ansi@6.0.1", "", { "dependencies": { "ansi-regex": "^5.0.1" } }, ""],

    "supertap": ["supertap@3.0.1", "", { "dependencies": { "indent-string": "^5.0.0", "js-yaml": "^3.14.1", "serialize-error": "^7.0.1", "strip-ansi": "^7.0.1" } }, ""],

    "supports-color": ["supports-color@7.2.0", "", { "dependencies": { "has-flag": "^4.0.0" } }, "sha512-qpCAvRl9stuOHveKsn7HncJRvv501qIacKzQlO/+Lwxc9+0q2wLyv4Dfvt80/DPn2pqOBsJdDiogXGR9+OvwRw=="],

    "tap-min": ["tap-min@3.0.0", "", { "dependencies": { "chalk": "^5.3.0", "duplexer3": "^1.0.0", "hirestime": "^7.0.3", "pretty-ms": "^8.0.0", "tap-parser": "^13.0.2-1" }, "bin": "cli.js" }, "sha512-oEhFyYCUEmRLYwtlIkRgeVkX538yEQfoSg6BcWXMq05TFsnpsi3vtQZJeEBkXzMWlj1h/rKaRMaWPCvCTmIIXg=="],

    "tap-parser": ["tap-parser@13.0.2-1", "", { "dependencies": { "events-to-array": "^2.0.3", "tap-yaml": "2.1.1-1" }, "bin": "bin/cmd.js" }, "sha512-A6U6TvfwEUFVivyZFiTth3LVrGw9aa4j4cSU8W6ui3sfrZBRNzE1y5YhBomz0+RIRURdspFJdaJvVgSXI68h0Q=="],

    "tap-yaml": ["tap-yaml@2.1.1-1", "", { "dependencies": { "yaml": "^2.3.0", "yaml-types": "^0.3.0" } }, "sha512-acWZWpwstr0YMms30FW2nlFkJ0hSm/o2x32Hq5v10IKqYKwnRXARSx6TKbz/gzcSoODPi9PkFQYGYBgowxKDfA=="],

    "tar": ["tar@7.4.3", "", { "dependencies": { "@isaacs/fs-minipass": "^4.0.0", "chownr": "^3.0.0", "minipass": "^7.1.2", "minizlib": "^3.0.1", "mkdirp": "^3.0.1", "yallist": "^5.0.0" } }, ""],

    "temp-dir": ["temp-dir@3.0.0", "", {}, ""],

    "time-zone": ["time-zone@1.0.0", "", {}, ""],

    "tinyglobby": ["tinyglobby@0.2.15", "", { "dependencies": { "fdir": "^6.5.0", "picomatch": "^4.0.3" } }, "sha512-j2Zq4NyQYG5XMST4cbs02Ak8iJUdxRM0XI5QyxXuZOzKOINmWurp3smXu3y5wDcJrptwpSjgXHzIQxR0omXljQ=="],

    "to-regex-range": ["to-regex-range@5.0.1", "", { "dependencies": { "is-number": "^7.0.0" } }, ""],

    "tr46": ["tr46@0.0.3", "", {}, ""],

    "type-detect": ["type-detect@4.0.8", "", {}, "sha512-0fr/mIH1dlO+x7TlcMy+bIDqKPsw/70tVyeHW787goQjhmqaZe10uwLujubK9q9Lg6Fiho1KUKDYz0Z7k7g5/g=="],

    "type-fest": ["type-fest@0.13.1", "", {}, ""],

    "undici-types": ["undici-types@6.21.0", "", {}, "sha512-iwDZqg0QAGrg9Rav5H4n0M64c3mkR59cJ6wQp+7C4nI0gsmExaedaYLNO44eT4AtBBwjbTiGPMlt2Md0T9H9JQ=="],

    "unicorn-magic": ["unicorn-magic@0.3.0", "", {}, ""],

    "webidl-conversions": ["webidl-conversions@3.0.1", "", {}, ""],

    "well-known-symbols": ["well-known-symbols@2.0.0", "", {}, ""],

    "whatwg-mimetype": ["whatwg-mimetype@3.0.0", "", {}, "sha512-nt+N2dzIutVRxARx1nghPKGv1xHikU7HKdfafKkLNLindmPU/ch3U31NOCGGA/dmPcmb1VlofO0vnKAcsm0o/Q=="],

    "whatwg-url": ["whatwg-url@5.0.0", "", { "dependencies": { "tr46": "~0.0.3", "webidl-conversions": "^3.0.0" } }, ""],

    "which": ["which@2.0.2", "", { "dependencies": { "isexe": "^2.0.0" }, "bin": { "node-which": "bin/node-which" } }, ""],

    "wrap-ansi": ["wrap-ansi@7.0.0", "", { "dependencies": { "ansi-styles": "^4.0.0", "string-width": "^4.1.0", "strip-ansi": "^6.0.0" } }, ""],

    "wrap-ansi-cjs": ["wrap-ansi@7.0.0", "", { "dependencies": { "ansi-styles": "^4.0.0", "string-width": "^4.1.0", "strip-ansi": "^6.0.0" } }, ""],

    "write-file-atomic": ["write-file-atomic@6.0.0", "", { "dependencies": { "imurmurhash": "^0.1.4", "signal-exit": "^4.0.1" } }, ""],

    "y18n": ["y18n@5.0.8", "", {}, ""],

    "yallist": ["yallist@5.0.0", "", {}, ""],

    "yaml": ["yaml@2.8.0", "", { "bin": "bin.mjs" }, "sha512-4lLa/EcQCB0cJkyts+FpIRx5G/llPxfP6VQU5KByHEhLxY3IJCH0f0Hy1MHI8sClTvsIb8qwRJ6R/ZdlDJ/leQ=="],

    "yaml-types": ["yaml-types@0.3.0", "", { "peerDependencies": { "yaml": "^2.3.0" } }, "sha512-i9RxAO/LZBiE0NJUy9pbN5jFz5EasYDImzRkj8Y81kkInTi1laia3P3K/wlMKzOxFQutZip8TejvQP/DwgbU7A=="],

    "yargs": ["yargs@17.7.2", "", { "dependencies": { "cliui": "^8.0.1", "escalade": "^3.1.1", "get-caller-file": "^2.0.5", "require-directory": "^2.1.1", "string-width": "^4.2.3", "y18n": "^5.0.5", "yargs-parser": "^21.1.1" } }, ""],

    "yargs-parser": ["yargs-parser@21.1.1", "", {}, ""],

    "@isaacs/cliui/string-width": ["string-width@5.1.2", "", { "dependencies": { "eastasianwidth": "^0.2.0", "emoji-regex": "^9.2.2", "strip-ansi": "^7.0.1" } }, ""],

    "@isaacs/cliui/wrap-ansi": ["wrap-ansi@8.1.0", "", { "dependencies": { "ansi-styles": "^6.1.0", "string-width": "^5.0.1", "strip-ansi": "^7.0.1" } }, ""],

    "@sinonjs/samsam/type-detect": ["type-detect@4.1.0", "", {}, "sha512-Acylog8/luQ8L7il+geoSxhEkazvkslg7PSNKOX59mbB9cOveP5aq9h74Y7YU8yDpJwetzQQrfIwtf4Wp4LKcw=="],

    "@vercel/nft/acorn": ["acorn@8.14.1", "", { "bin": "bin/acorn" }, ""],

    "acorn-walk/acorn": ["acorn@8.14.0", "", { "bin": "bin/acorn" }, ""],

    "cliui/string-width": ["string-width@4.2.3", "", { "dependencies": { "emoji-regex": "^8.0.0", "is-fullwidth-code-point": "^3.0.0", "strip-ansi": "^6.0.1" } }, ""],

    "cliui/strip-ansi": ["strip-ansi@6.0.1", "", { "dependencies": { "ansi-regex": "^5.0.1" } }, ""],

    "filelist/minimatch": ["minimatch@5.1.6", "", { "dependencies": { "brace-expansion": "^2.0.1" } }, "sha512-lKwV/1brpG6mBUFHtb7NUmtABCb2WZZmm2wNiOA5hAb8VdCS4B3dtMWyvcoViccwAW/COERjXLt0zP1zXUN26g=="],

    "https-proxy-agent/debug": ["debug@4.4.0", "", { "dependencies": { "ms": "^2.1.3" } }, ""],

    "jake/chalk": ["chalk@4.1.2", "", { "dependencies": { "ansi-styles": "^4.1.0", "supports-color": "^7.1.0" } }, "sha512-oKnbhFyRIXpUuez8iBMmyEa4nbj4IOQyuhc/wy9kY7/WVPcwIO9VA668Pu8RkO7+0G76SLROeyw9CpQ061i4mA=="],

    "jake/minimatch": ["minimatch@3.1.2", "", { "dependencies": { "brace-expansion": "^1.1.7" } }, "sha512-J7p63hRiAjw1NDEww1W7i37+ByIrOWO5XQQAzZ3VOcL0PNybwpfmV/N05zFAzwQ9USyEcX6t3UO+K5aqBQOIHw=="],

    "micromatch/picomatch": ["picomatch@2.3.1", "", {}, ""],

    "stack-utils/escape-string-regexp": ["escape-string-regexp@2.0.0", "", {}, ""],

    "string-width-cjs/emoji-regex": ["emoji-regex@8.0.0", "", {}, ""],

    "string-width-cjs/is-fullwidth-code-point": ["is-fullwidth-code-point@3.0.0", "", {}, ""],

    "string-width-cjs/strip-ansi": ["strip-ansi@6.0.1", "", { "dependencies": { "ansi-regex": "^5.0.1" } }, ""],

    "strip-ansi-cjs/ansi-regex": ["ansi-regex@5.0.1", "", {}, ""],

    "tap-min/pretty-ms": ["pretty-ms@8.0.0", "", { "dependencies": { "parse-ms": "^3.0.0" } }, "sha512-ASJqOugUF1bbzI35STMBUpZqdfYKlJugy6JBziGi2EE+AL5JPJGSzvpeVXojxrr0ViUYoToUjb5kjSEGf7Y83Q=="],

    "tinyglobby/picomatch": ["picomatch@4.0.3", "", {}, "sha512-5gTmgEY/sqK6gFXLIsQNH19lWb4ebPDLA4SdLP7dsWkIXHWlG66oPuVvXSGFPppYZz8ZDZq0dYYrbHfBCVUb1Q=="],

    "wrap-ansi/ansi-styles": ["ansi-styles@4.3.0", "", { "dependencies": { "color-convert": "^2.0.1" } }, ""],

    "wrap-ansi/string-width": ["string-width@4.2.3", "", { "dependencies": { "emoji-regex": "^8.0.0", "is-fullwidth-code-point": "^3.0.0", "strip-ansi": "^6.0.1" } }, ""],

    "wrap-ansi/strip-ansi": ["strip-ansi@6.0.1", "", { "dependencies": { "ansi-regex": "^5.0.1" } }, ""],

    "wrap-ansi-cjs/ansi-styles": ["ansi-styles@4.3.0", "", { "dependencies": { "color-convert": "^2.0.1" } }, ""],

    "wrap-ansi-cjs/string-width": ["string-width@4.2.3", "", { "dependencies": { "emoji-regex": "^8.0.0", "is-fullwidth-code-point": "^3.0.0", "strip-ansi": "^6.0.1" } }, ""],

    "wrap-ansi-cjs/strip-ansi": ["strip-ansi@6.0.1", "", { "dependencies": { "ansi-regex": "^5.0.1" } }, ""],

    "yargs/string-width": ["string-width@4.2.3", "", { "dependencies": { "emoji-regex": "^8.0.0", "is-fullwidth-code-point": "^3.0.0", "strip-ansi": "^6.0.1" } }, ""],

    "@isaacs/cliui/string-width/emoji-regex": ["emoji-regex@9.2.2", "", {}, ""],

    "cliui/string-width/emoji-regex": ["emoji-regex@8.0.0", "", {}, ""],

    "cliui/string-width/is-fullwidth-code-point": ["is-fullwidth-code-point@3.0.0", "", {}, ""],

    "cliui/strip-ansi/ansi-regex": ["ansi-regex@5.0.1", "", {}, ""],

    "jake/chalk/ansi-styles": ["ansi-styles@4.3.0", "", { "dependencies": { "color-convert": "^2.0.1" } }, ""],

    "jake/minimatch/brace-expansion": ["brace-expansion@1.1.12", "", { "dependencies": { "balanced-match": "^1.0.0", "concat-map": "0.0.1" } }, "sha512-9T9UjW3r0UW5c1Q7GTwllptXwhvYmEzFhzMfZ9H7FQWt+uZePjZPjBP/W1ZEyZ1twGWom5/56TF4lPcqjnDHcg=="],

    "string-width-cjs/strip-ansi/ansi-regex": ["ansi-regex@5.0.1", "", {}, ""],

    "tap-min/pretty-ms/parse-ms": ["parse-ms@3.0.0", "", {}, "sha512-Tpb8Z7r7XbbtBTrM9UhpkzzaMrqA2VXMT3YChzYltwV3P3pM6t8wl7TvpMnSTosz1aQAdVib7kdoys7vYOPerw=="],

    "wrap-ansi-cjs/string-width/emoji-regex": ["emoji-regex@8.0.0", "", {}, ""],

    "wrap-ansi-cjs/string-width/is-fullwidth-code-point": ["is-fullwidth-code-point@3.0.0", "", {}, ""],

    "wrap-ansi-cjs/strip-ansi/ansi-regex": ["ansi-regex@5.0.1", "", {}, ""],

    "wrap-ansi/string-width/emoji-regex": ["emoji-regex@8.0.0", "", {}, ""],

    "wrap-ansi/string-width/is-fullwidth-code-point": ["is-fullwidth-code-point@3.0.0", "", {}, ""],

    "wrap-ansi/strip-ansi/ansi-regex": ["ansi-regex@5.0.1", "", {}, ""],

    "yargs/string-width/emoji-regex": ["emoji-regex@8.0.0", "", {}, ""],

    "yargs/string-width/is-fullwidth-code-point": ["is-fullwidth-code-point@3.0.0", "", {}, ""],

    "yargs/string-width/strip-ansi": ["strip-ansi@6.0.1", "", { "dependencies": { "ansi-regex": "^5.0.1" } }, ""],

    "yargs/string-width/strip-ansi/ansi-regex": ["ansi-regex@5.0.1", "", {}, ""],
  }
}
