{
    "name": "litecanvas",
    "version": "0.39.0",
    "lockfileVersion": 3,
    "requires": true,
    "packages": {
        "": {
            "name": "litecanvas",
            "version": "0.39.0",
            "license": "MIT",
            "devDependencies": {
                "esbuild": "^0.20.1"
            }
        },
        "node_modules/@esbuild/linux-x64": {
            "version": "0.20.2",
            "resolved": "https://registry.npmjs.org/@esbuild/linux-x64/-/linux-x64-0.20.2.tgz",
            "integrity": "sha512-1MdwI6OOTsfQfek8sLwgyjOXAu+wKhLEoaOLTjbijk6E2WONYpH9ZU2mNtR+lZ2B4uwr+usqGuVfFT9tMtGvGw==",
            "cpu": [
                "x64"
            ],
            "dev": true,
            "optional": true,
            "os": [
                "linux"
            ],
            "engines": {
                "node": ">=12"
            }
        },
        "node_modules/esbuild": {
            "version": "0.20.2",
            "resolved": "https://registry.npmjs.org/esbuild/-/esbuild-0.20.2.tgz",
            "integrity": "sha512-WdOOppmUNU+IbZ0PaDiTst80zjnrOkyJNHoKupIcVyU8Lvla3Ugx94VzkQ32Ijqd7UhHJy75gNWDMUekcrSJ6g==",
            "dev": true,
            "hasInstallScript": true,
            "bin": {
                "esbuild": "bin/esbuild"
            },
            "engines": {
                "node": ">=12"
            },
            "optionalDependencies": {
                "@esbuild/aix-ppc64": "0.20.2",
                "@esbuild/android-arm": "0.20.2",
                "@esbuild/android-arm64": "0.20.2",
                "@esbuild/android-x64": "0.20.2",
                "@esbuild/darwin-arm64": "0.20.2",
                "@esbuild/darwin-x64": "0.20.2",
                "@esbuild/freebsd-arm64": "0.20.2",
                "@esbuild/freebsd-x64": "0.20.2",
                "@esbuild/linux-arm": "0.20.2",
                "@esbuild/linux-arm64": "0.20.2",
                "@esbuild/linux-ia32": "0.20.2",
                "@esbuild/linux-loong64": "0.20.2",
                "@esbuild/linux-mips64el": "0.20.2",
                "@esbuild/linux-ppc64": "0.20.2",
                "@esbuild/linux-riscv64": "0.20.2",
                "@esbuild/linux-s390x": "0.20.2",
                "@esbuild/linux-x64": "0.20.2",
                "@esbuild/netbsd-x64": "0.20.2",
                "@esbuild/openbsd-x64": "0.20.2",
                "@esbuild/sunos-x64": "0.20.2",
                "@esbuild/win32-arm64": "0.20.2",
                "@esbuild/win32-ia32": "0.20.2",
                "@esbuild/win32-x64": "0.20.2"
            }
        }
    }
}
